// !$*UTF8*$!
{
	archiveVersion = 1;
	classes = {
	};
	objectVersion = 55;
	objects = {

/* Begin PBXBuildFile section */
		2803AD222817F30F00AF3AD3 /* SignInViewController.swift in Sources */ = {isa = PBXBuildFile; fileRef = 2803AD212817F30F00AF3AD3 /* SignInViewController.swift */; };
		2808C912280FEC7600DC1EC5 /* Note.storyboard in Resources */ = {isa = PBXBuildFile; fileRef = 2808C911280FEC7600DC1EC5 /* Note.storyboard */; };
		2808C914280FECA800DC1EC5 /* AnalysisViewController.swift in Sources */ = {isa = PBXBuildFile; fileRef = 2808C913280FECA800DC1EC5 /* AnalysisViewController.swift */; };
		2808C918280FF2B700DC1EC5 /* AnalysisManager.swift in Sources */ = {isa = PBXBuildFile; fileRef = 2808C917280FF2B700DC1EC5 /* AnalysisManager.swift */; };
		2808C91A28100F6000DC1EC5 /* CalculateBar.swift in Sources */ = {isa = PBXBuildFile; fileRef = 2808C91928100F6000DC1EC5 /* CalculateBar.swift */; };
		2808C92128103B1E00DC1EC5 /* AnalysisBarChatTableViewCell.swift in Sources */ = {isa = PBXBuildFile; fileRef = 2808C91F28103B1E00DC1EC5 /* AnalysisBarChatTableViewCell.swift */; };
		2808C92228103B1E00DC1EC5 /* AnalysisBarChatTableViewCell.xib in Resources */ = {isa = PBXBuildFile; fileRef = 2808C92028103B1E00DC1EC5 /* AnalysisBarChatTableViewCell.xib */; };
		2808C926281131A400DC1EC5 /* AnalysisContentTableViewCell.swift in Sources */ = {isa = PBXBuildFile; fileRef = 2808C924281131A400DC1EC5 /* AnalysisContentTableViewCell.swift */; };
		2808C927281131A400DC1EC5 /* AnalysisContentTableViewCell.xib in Resources */ = {isa = PBXBuildFile; fileRef = 2808C925281131A400DC1EC5 /* AnalysisContentTableViewCell.xib */; };
		2808C92A281131C700DC1EC5 /* AnalysisPieChartTableViewCell.swift in Sources */ = {isa = PBXBuildFile; fileRef = 2808C928281131C700DC1EC5 /* AnalysisPieChartTableViewCell.swift */; };
		2808C92B281131C700DC1EC5 /* AnalysisPieChartTableViewCell.xib in Resources */ = {isa = PBXBuildFile; fileRef = 2808C929281131C700DC1EC5 /* AnalysisPieChartTableViewCell.xib */; };
		280C1AFC280D5D7C0091B9DC /* Chat.storyboard in Resources */ = {isa = PBXBuildFile; fileRef = 280C1AFB280D5D7C0091B9DC /* Chat.storyboard */; };
		280C1AFF280D680A0091B9DC /* Chat.swift in Sources */ = {isa = PBXBuildFile; fileRef = 280C1AFE280D680A0091B9DC /* Chat.swift */; };
		280C1B01280D772E0091B9DC /* ChatRoomManager.swift in Sources */ = {isa = PBXBuildFile; fileRef = 280C1B00280D772E0091B9DC /* ChatRoomManager.swift */; };
		280C1B04280D77770091B9DC /* FriendViewController.swift in Sources */ = {isa = PBXBuildFile; fileRef = 280C1B03280D77770091B9DC /* FriendViewController.swift */; };
		280C1B06280D77900091B9DC /* ChatViewController.swift in Sources */ = {isa = PBXBuildFile; fileRef = 280C1B05280D77900091B9DC /* ChatViewController.swift */; };
		280C1B0A280D78B90091B9DC /* FriendListTableViewCell.swift in Sources */ = {isa = PBXBuildFile; fileRef = 280C1B08280D78B90091B9DC /* FriendListTableViewCell.swift */; };
		280C1B0B280D78B90091B9DC /* FriendListTableViewCell.xib in Resources */ = {isa = PBXBuildFile; fileRef = 280C1B09280D78B90091B9DC /* FriendListTableViewCell.xib */; };
		280C1B0E280E424C0091B9DC /* Friend.swift in Sources */ = {isa = PBXBuildFile; fileRef = 280C1B0D280E424C0091B9DC /* Friend.swift */; };
		280C1B10280E42780091B9DC /* UserInfo.swift in Sources */ = {isa = PBXBuildFile; fileRef = 280C1B0F280E42780091B9DC /* UserInfo.swift */; };
		280C1B12280E42FC0091B9DC /* FriendManager.swift in Sources */ = {isa = PBXBuildFile; fileRef = 280C1B11280E42FC0091B9DC /* FriendManager.swift */; };
		280C1B15280E58BB0091B9DC /* ReceiveMessageTableViewCell.swift in Sources */ = {isa = PBXBuildFile; fileRef = 280C1B13280E58BB0091B9DC /* ReceiveMessageTableViewCell.swift */; };
		280C1B16280E58BB0091B9DC /* ReceiveMessageTableViewCell.xib in Resources */ = {isa = PBXBuildFile; fileRef = 280C1B14280E58BB0091B9DC /* ReceiveMessageTableViewCell.xib */; };
		280C1B19280E58C70091B9DC /* SendMessageTableViewCell.swift in Sources */ = {isa = PBXBuildFile; fileRef = 280C1B17280E58C70091B9DC /* SendMessageTableViewCell.swift */; };
		280C1B1A280E58C70091B9DC /* SendMessageTableViewCell.xib in Resources */ = {isa = PBXBuildFile; fileRef = 280C1B18280E58C70091B9DC /* SendMessageTableViewCell.xib */; };
		281358D2281AC24A000B0CAE /* ReleaseRecordViewController.swift in Sources */ = {isa = PBXBuildFile; fileRef = 281358D1281AC24A000B0CAE /* ReleaseRecordViewController.swift */; };
		281358D6281BBD4B000B0CAE /* CertificationViewController.swift in Sources */ = {isa = PBXBuildFile; fileRef = 281358D5281BBD4B000B0CAE /* CertificationViewController.swift */; };
		281358DA281BC8F6000B0CAE /* CertificationTableViewCell.swift in Sources */ = {isa = PBXBuildFile; fileRef = 281358D8281BC8F6000B0CAE /* CertificationTableViewCell.swift */; };
		281358DB281BC8F6000B0CAE /* CertificationTableViewCell.xib in Resources */ = {isa = PBXBuildFile; fileRef = 281358D9281BC8F6000B0CAE /* CertificationTableViewCell.xib */; };
		281358DD281BD0D5000B0CAE /* PublishCertificationViewController.swift in Sources */ = {isa = PBXBuildFile; fileRef = 281358DC281BD0D5000B0CAE /* PublishCertificationViewController.swift */; };
		281358E2281C2C53000B0CAE /* NoteViewController.swift in Sources */ = {isa = PBXBuildFile; fileRef = 281358E1281C2C53000B0CAE /* NoteViewController.swift */; };
		281358E5281C2D2A000B0CAE /* NoteTableViewCell.swift in Sources */ = {isa = PBXBuildFile; fileRef = 281358E3281C2D2A000B0CAE /* NoteTableViewCell.swift */; };
		281358E6281C2D2A000B0CAE /* NoteTableViewCell.xib in Resources */ = {isa = PBXBuildFile; fileRef = 281358E4281C2D2A000B0CAE /* NoteTableViewCell.xib */; };
		281358E8281C31AB000B0CAE /* PublishNoteViewController.swift in Sources */ = {isa = PBXBuildFile; fileRef = 281358E7281C31AB000B0CAE /* PublishNoteViewController.swift */; };
		281358EA281D11BA000B0CAE /* NoteDetailViewController.swift in Sources */ = {isa = PBXBuildFile; fileRef = 281358E9281D11BA000B0CAE /* NoteDetailViewController.swift */; };
		281358EC281D4DEF000B0CAE /* ErrorManager.swift in Sources */ = {isa = PBXBuildFile; fileRef = 281358EB281D4DEF000B0CAE /* ErrorManager.swift */; };
		281358EE281E6B72000B0CAE /* Vision.json in Resources */ = {isa = PBXBuildFile; fileRef = 281358ED281E6B72000B0CAE /* Vision.json */; };
		281358F2281E790E000B0CAE /* Growth-Animation.json in Resources */ = {isa = PBXBuildFile; fileRef = 281358F1281E790E000B0CAE /* Growth-Animation.json */; };
		281358F5281E7BE2000B0CAE /* UIColor+Extension.swift in Sources */ = {isa = PBXBuildFile; fileRef = 281358F4281E7BE2000B0CAE /* UIColor+Extension.swift */; };
		282522C0280ED53A0008B916 /* ApplyFriendViewController.swift in Sources */ = {isa = PBXBuildFile; fileRef = 282522BF280ED53A0008B916 /* ApplyFriendViewController.swift */; };
		282522C5280ED6590008B916 /* BlockadeFriendViewController.swift in Sources */ = {isa = PBXBuildFile; fileRef = 282522C4280ED6590008B916 /* BlockadeFriendViewController.swift */; };
		282522CC280F02B50008B916 /* ConfirmApplyViewController.swift in Sources */ = {isa = PBXBuildFile; fileRef = 282522CB280F02B50008B916 /* ConfirmApplyViewController.swift */; };
		282522DB280FE5520008B916 /* KeyToken.swift in Sources */ = {isa = PBXBuildFile; fileRef = 282522DA280FE5520008B916 /* KeyToken.swift */; };
		283D2C3E2803E63C004D19E4 /* BaseViewController.swift in Sources */ = {isa = PBXBuildFile; fileRef = 283D2C3D2803E63C004D19E4 /* BaseViewController.swift */; };
		283E6583281797F300F1033F /* GoogleService-Info.plist in Resources */ = {isa = PBXBuildFile; fileRef = 283E6582281797F300F1033F /* GoogleService-Info.plist */; };
		283E65852817CD6300F1033F /* ProfileSettingViewController.swift in Sources */ = {isa = PBXBuildFile; fileRef = 283E65842817CD6300F1033F /* ProfileSettingViewController.swift */; };
		283E65892817D19C00F1033F /* SettingImageTableViewCell.swift in Sources */ = {isa = PBXBuildFile; fileRef = 283E65872817D19C00F1033F /* SettingImageTableViewCell.swift */; };
		283E658A2817D19C00F1033F /* SettingImageTableViewCell.xib in Resources */ = {isa = PBXBuildFile; fileRef = 283E65882817D19C00F1033F /* SettingImageTableViewCell.xib */; };
		283E658D2817D8A700F1033F /* SettingContentTableViewCell.swift in Sources */ = {isa = PBXBuildFile; fileRef = 283E658B2817D8A700F1033F /* SettingContentTableViewCell.swift */; };
		283E658E2817D8A700F1033F /* SettingContentTableViewCell.xib in Resources */ = {isa = PBXBuildFile; fileRef = 283E658C2817D8A700F1033F /* SettingContentTableViewCell.xib */; };
		283E65912817DF2300F1033F /* SettingSignTableViewCell.swift in Sources */ = {isa = PBXBuildFile; fileRef = 283E658F2817DF2300F1033F /* SettingSignTableViewCell.swift */; };
		283E65922817DF2300F1033F /* SettingSignTableViewCell.xib in Resources */ = {isa = PBXBuildFile; fileRef = 283E65902817DF2300F1033F /* SettingSignTableViewCell.xib */; };
		2857035A2811856A00849FAA /* UserManager.swift in Sources */ = {isa = PBXBuildFile; fileRef = 285703592811856A00849FAA /* UserManager.swift */; };
		2857035C28118F8D00849FAA /* Feedback.swift in Sources */ = {isa = PBXBuildFile; fileRef = 2857035B28118F8D00849FAA /* Feedback.swift */; };
		2857035E281197FC00849FAA /* Double+Extension.swift in Sources */ = {isa = PBXBuildFile; fileRef = 2857035D281197FC00849FAA /* Double+Extension.swift */; };
		285F3F402801586200E84CF2 /* SelectCalendarViewController.swift in Sources */ = {isa = PBXBuildFile; fileRef = 285F3F3F2801586200E84CF2 /* SelectCalendarViewController.swift */; };
		285F3F4328017AEF00E84CF2 /* SelectCategoryViewController.swift in Sources */ = {isa = PBXBuildFile; fileRef = 285F3F4228017AEF00E84CF2 /* SelectCategoryViewController.swift */; };
		285F3F4A28018ED400E84CF2 /* CategoryTableViewCell.swift in Sources */ = {isa = PBXBuildFile; fileRef = 285F3F4828018ED400E84CF2 /* CategoryTableViewCell.swift */; };
		285F3F4B28018ED400E84CF2 /* CategoryTableViewCell.xib in Resources */ = {isa = PBXBuildFile; fileRef = 285F3F4928018ED400E84CF2 /* CategoryTableViewCell.xib */; };
		28754AC7280305370079F430 /* StudyGoal.swift in Sources */ = {isa = PBXBuildFile; fileRef = 28754AC6280305370079F430 /* StudyGoal.swift */; };
		28754ACA2803079A0079F430 /* StudyItemTableViewCell.swift in Sources */ = {isa = PBXBuildFile; fileRef = 28754AC82803079A0079F430 /* StudyItemTableViewCell.swift */; };
		28754ACB2803079A0079F430 /* StudyItemTableViewCell.xib in Resources */ = {isa = PBXBuildFile; fileRef = 28754AC92803079A0079F430 /* StudyItemTableViewCell.xib */; };
		288367A7280126FE0010CEAD /* UIStoryboard+Extension.swift in Sources */ = {isa = PBXBuildFile; fileRef = 288367A6280126FE0010CEAD /* UIStoryboard+Extension.swift */; };
		288367A9280129F30010CEAD /* StudyGoal.storyboard in Resources */ = {isa = PBXBuildFile; fileRef = 288367A8280129F30010CEAD /* StudyGoal.storyboard */; };
		288367AB28012A2F0010CEAD /* StudyGoalViewController.swift in Sources */ = {isa = PBXBuildFile; fileRef = 288367AA28012A2F0010CEAD /* StudyGoalViewController.swift */; };
		288367AE280134280010CEAD /* PlanStudyGoalViewController.swift in Sources */ = {isa = PBXBuildFile; fileRef = 288367AD280134280010CEAD /* PlanStudyGoalViewController.swift */; };
		288367B528013E800010CEAD /* PlanStudyGoalHeaderView.xib in Resources */ = {isa = PBXBuildFile; fileRef = 288367B428013E800010CEAD /* PlanStudyGoalHeaderView.xib */; };
		288367B728013E900010CEAD /* PlanStudyGoalHeaderView.swift in Sources */ = {isa = PBXBuildFile; fileRef = 288367B628013E900010CEAD /* PlanStudyGoalHeaderView.swift */; };
		289679F6282226F6008A15F0 /* UserInfoViewController.swift in Sources */ = {isa = PBXBuildFile; fileRef = 289679F5282226F6008A15F0 /* UserInfoViewController.swift */; };
		28A6F45B280ADAAF00EFCC2C /* ArticleMessageHeaderView.swift in Sources */ = {isa = PBXBuildFile; fileRef = 28A6F45A280ADAAF00EFCC2C /* ArticleMessageHeaderView.swift */; };
		28A6F45E280ADAC900EFCC2C /* ArticleMessageHeaderView.xib in Resources */ = {isa = PBXBuildFile; fileRef = 28A6F45D280ADAC900EFCC2C /* ArticleMessageHeaderView.xib */; };
		28A6F465280AED1600EFCC2C /* ArticleMessageTableViewCell.swift in Sources */ = {isa = PBXBuildFile; fileRef = 28A6F463280AED1600EFCC2C /* ArticleMessageTableViewCell.swift */; };
		28A6F466280AED1600EFCC2C /* ArticleMessageTableViewCell.xib in Resources */ = {isa = PBXBuildFile; fileRef = 28A6F464280AED1600EFCC2C /* ArticleMessageTableViewCell.xib */; };
		28AF15AD2804033B004E97B8 /* StudyGoalTableViewCell.swift in Sources */ = {isa = PBXBuildFile; fileRef = 28AF15AB2804033B004E97B8 /* StudyGoalTableViewCell.swift */; };
		28AF15AE2804033B004E97B8 /* StudyGoalTableViewCell.xib in Resources */ = {isa = PBXBuildFile; fileRef = 28AF15AC2804033B004E97B8 /* StudyGoalTableViewCell.xib */; };
		28AF15B128040948004E97B8 /* StudyGoalHeaderView.swift in Sources */ = {isa = PBXBuildFile; fileRef = 28AF15B028040948004E97B8 /* StudyGoalHeaderView.swift */; };
		28AF15B328040954004E97B8 /* StudyGoalHeaderView.xib in Resources */ = {isa = PBXBuildFile; fileRef = 28AF15B228040954004E97B8 /* StudyGoalHeaderView.xib */; };
		28AF15B528040A82004E97B8 /* StudyGoalFooterView.swift in Sources */ = {isa = PBXBuildFile; fileRef = 28AF15B428040A82004E97B8 /* StudyGoalFooterView.swift */; };
		28AF15B728040A8E004E97B8 /* StudyGoalFooterView.xib in Resources */ = {isa = PBXBuildFile; fileRef = 28AF15B628040A8E004E97B8 /* StudyGoalFooterView.xib */; };
		28AF15BA2804EDFF004E97B8 /* CalendarViewController.swift in Sources */ = {isa = PBXBuildFile; fileRef = 28AF15B92804EDFF004E97B8 /* CalendarViewController.swift */; };
		28BB6EE628066441002B0458 /* Forum.storyboard in Resources */ = {isa = PBXBuildFile; fileRef = 28BB6EE528066441002B0458 /* Forum.storyboard */; };
		28BB6EE928066639002B0458 /* ForumViewController.swift in Sources */ = {isa = PBXBuildFile; fileRef = 28BB6EE828066639002B0458 /* ForumViewController.swift */; };
		28BB6EEB28066926002B0458 /* PublishForumArticleViewController.swift in Sources */ = {isa = PBXBuildFile; fileRef = 28BB6EEA28066926002B0458 /* PublishForumArticleViewController.swift */; };
		28BB6EEE28066FC1002B0458 /* PublishArticleTableViewCell.swift in Sources */ = {isa = PBXBuildFile; fileRef = 28BB6EEC28066FC1002B0458 /* PublishArticleTableViewCell.swift */; };
		28BB6EEF28066FC1002B0458 /* PublishArticleTableViewCell.xib in Resources */ = {isa = PBXBuildFile; fileRef = 28BB6EED28066FC1002B0458 /* PublishArticleTableViewCell.xib */; };
		28BB6EF6280690EB002B0458 /* ForumArticleManager.swift in Sources */ = {isa = PBXBuildFile; fileRef = 28BB6EF5280690EB002B0458 /* ForumArticleManager.swift */; };
		28BB6EF828069112002B0458 /* ForumArticle.swift in Sources */ = {isa = PBXBuildFile; fileRef = 28BB6EF728069111002B0458 /* ForumArticle.swift */; };
		28BB6EFC2807C25C002B0458 /* UploadImageManager.swift in Sources */ = {isa = PBXBuildFile; fileRef = 28BB6EFB2807C25C002B0458 /* UploadImageManager.swift */; };
		28BB6EFF2807C86C002B0458 /* ArticleTableViewCell.swift in Sources */ = {isa = PBXBuildFile; fileRef = 28BB6EFD2807C86C002B0458 /* ArticleTableViewCell.swift */; };
		28BB6F002807C86C002B0458 /* ArticleTableViewCell.xib in Resources */ = {isa = PBXBuildFile; fileRef = 28BB6EFE2807C86C002B0458 /* ArticleTableViewCell.xib */; };
		28BB6F042807EC75002B0458 /* UIImageView+Extension.swift in Sources */ = {isa = PBXBuildFile; fileRef = 28BB6F032807EC75002B0458 /* UIImageView+Extension.swift */; };
		28BB6F2C28096AAA002B0458 /* MoreArticlesViewController.swift in Sources */ = {isa = PBXBuildFile; fileRef = 28BB6F2B28096AAA002B0458 /* MoreArticlesViewController.swift */; };
		28BB6F2F28096C40002B0458 /* MoreArticlesTableViewCell.swift in Sources */ = {isa = PBXBuildFile; fileRef = 28BB6F2D28096C40002B0458 /* MoreArticlesTableViewCell.swift */; };
		28BB6F3028096C40002B0458 /* MoreArticlesTableViewCell.xib in Resources */ = {isa = PBXBuildFile; fileRef = 28BB6F2E28096C40002B0458 /* MoreArticlesTableViewCell.xib */; };
		28BB6F3228098BC6002B0458 /* ArticleDetailViewController.swift in Sources */ = {isa = PBXBuildFile; fileRef = 28BB6F3128098BC6002B0458 /* ArticleDetailViewController.swift */; };
		28BB6F3828098CC1002B0458 /* ArticleDetailHeaderView.swift in Sources */ = {isa = PBXBuildFile; fileRef = 28BB6F3728098CC1002B0458 /* ArticleDetailHeaderView.swift */; };
		28BB6F3A28098CCD002B0458 /* ArticleDetailHeaderView.xib in Resources */ = {isa = PBXBuildFile; fileRef = 28BB6F3928098CCD002B0458 /* ArticleDetailHeaderView.xib */; };
		28BB6F41280A919C002B0458 /* ArticleDetailTableViewCell.swift in Sources */ = {isa = PBXBuildFile; fileRef = 28BB6F3F280A919C002B0458 /* ArticleDetailTableViewCell.swift */; };
		28BB6F42280A919C002B0458 /* ArticleDetailTableViewCell.xib in Resources */ = {isa = PBXBuildFile; fileRef = 28BB6F40280A919C002B0458 /* ArticleDetailTableViewCell.xib */; };
		28BB6F44280AA722002B0458 /* ArticleMessageViewController.swift in Sources */ = {isa = PBXBuildFile; fileRef = 28BB6F43280AA722002B0458 /* ArticleMessageViewController.swift */; };
		28BC2C1A2815603C00E69BE0 /* UIImage+Extension.swift in Sources */ = {isa = PBXBuildFile; fileRef = 28BC2C192815603C00E69BE0 /* UIImage+Extension.swift */; };
		28BC2C1D2816860000E69BE0 /* Authentication.storyboard in Resources */ = {isa = PBXBuildFile; fileRef = 28BC2C1C2816860000E69BE0 /* Authentication.storyboard */; };
		28BC2C202816864600E69BE0 /* AuthenticationViewController.swift in Sources */ = {isa = PBXBuildFile; fileRef = 28BC2C1F2816864600E69BE0 /* AuthenticationViewController.swift */; };
		28C9985B28236C8500E3B4C0 /* ShareToFriendViewController.swift in Sources */ = {isa = PBXBuildFile; fileRef = 28C9985A28236C8500E3B4C0 /* ShareToFriendViewController.swift */; };
		28C9985F2823839A00E3B4C0 /* ShareReceiveTableViewCell.swift in Sources */ = {isa = PBXBuildFile; fileRef = 28C9985D2823839A00E3B4C0 /* ShareReceiveTableViewCell.swift */; };
		28C998602823839A00E3B4C0 /* ShareReceiveTableViewCell.xib in Resources */ = {isa = PBXBuildFile; fileRef = 28C9985E2823839A00E3B4C0 /* ShareReceiveTableViewCell.xib */; };
		28C99863282383A900E3B4C0 /* ShareSendTableViewCell.swift in Sources */ = {isa = PBXBuildFile; fileRef = 28C99861282383A900E3B4C0 /* ShareSendTableViewCell.swift */; };
		28C99864282383A900E3B4C0 /* ShareSendTableViewCell.xib in Resources */ = {isa = PBXBuildFile; fileRef = 28C99862282383A900E3B4C0 /* ShareSendTableViewCell.xib */; };
		28C998662824A93C00E3B4C0 /* UIView+Extension.swift in Sources */ = {isa = PBXBuildFile; fileRef = 28C998652824A93C00E3B4C0 /* UIView+Extension.swift */; };
		28CE2D3F27FECBF400ACA813 /* AppDelegate.swift in Sources */ = {isa = PBXBuildFile; fileRef = 28CE2D3E27FECBF400ACA813 /* AppDelegate.swift */; };
		28CE2D4127FECBF400ACA813 /* SceneDelegate.swift in Sources */ = {isa = PBXBuildFile; fileRef = 28CE2D4027FECBF400ACA813 /* SceneDelegate.swift */; };
		28CE2D4327FECBF400ACA813 /* TabBarViewController.swift in Sources */ = {isa = PBXBuildFile; fileRef = 28CE2D4227FECBF400ACA813 /* TabBarViewController.swift */; };
		28CE2D4627FECBF400ACA813 /* Main.storyboard in Resources */ = {isa = PBXBuildFile; fileRef = 28CE2D4427FECBF400ACA813 /* Main.storyboard */; };
		28CE2D4827FECBF500ACA813 /* Assets.xcassets in Resources */ = {isa = PBXBuildFile; fileRef = 28CE2D4727FECBF500ACA813 /* Assets.xcassets */; };
		28CE2D4B27FECBF500ACA813 /* LaunchScreen.storyboard in Resources */ = {isa = PBXBuildFile; fileRef = 28CE2D4927FECBF500ACA813 /* LaunchScreen.storyboard */; };
		28D702BD28019D0C00FE9AEA /* CategoryManager.swift in Sources */ = {isa = PBXBuildFile; fileRef = 28D702BC28019D0C00FE9AEA /* CategoryManager.swift */; };
		28D702BF28019E0300FE9AEA /* Category.swift in Sources */ = {isa = PBXBuildFile; fileRef = 28D702BE28019E0300FE9AEA /* Category.swift */; };
		28D702C12802B41B00FE9AEA /* SelectStudyItemViewController.swift in Sources */ = {isa = PBXBuildFile; fileRef = 28D702C02802B41B00FE9AEA /* SelectStudyItemViewController.swift */; };
		28D79FDC2817F53D00505B5B /* SignInTableViewCell.swift in Sources */ = {isa = PBXBuildFile; fileRef = 28D79FDA2817F53D00505B5B /* SignInTableViewCell.swift */; };
		28D79FDD2817F53D00505B5B /* SignInTableViewCell.xib in Resources */ = {isa = PBXBuildFile; fileRef = 28D79FDB2817F53D00505B5B /* SignInTableViewCell.xib */; };
		28D79FE02817F56100505B5B /* SignUpTableViewCell.swift in Sources */ = {isa = PBXBuildFile; fileRef = 28D79FDE2817F56100505B5B /* SignUpTableViewCell.swift */; };
		28D79FE12817F56100505B5B /* SignUpTableViewCell.xib in Resources */ = {isa = PBXBuildFile; fileRef = 28D79FDF2817F56100505B5B /* SignUpTableViewCell.xib */; };
		28D79FE328182C3100505B5B /* DeleteUserManager.swift in Sources */ = {isa = PBXBuildFile; fileRef = 28D79FE228182C3100505B5B /* DeleteUserManager.swift */; };
		28D79FEB281A869D00505B5B /* RankViewController.swift in Sources */ = {isa = PBXBuildFile; fileRef = 28D79FEA281A869D00505B5B /* RankViewController.swift */; };
		28D79FF2281A8BDE00505B5B /* RankTableViewCell.swift in Sources */ = {isa = PBXBuildFile; fileRef = 28D79FF0281A8BDE00505B5B /* RankTableViewCell.swift */; };
		28D79FF3281A8BDE00505B5B /* RankTableViewCell.xib in Resources */ = {isa = PBXBuildFile; fileRef = 28D79FF1281A8BDE00505B5B /* RankTableViewCell.xib */; };
		28DA832D281272560081CB14 /* Profile.storyboard in Resources */ = {isa = PBXBuildFile; fileRef = 28DA832C281272560081CB14 /* Profile.storyboard */; };
		28DA832F281272770081CB14 /* ProfileViewController.swift in Sources */ = {isa = PBXBuildFile; fileRef = 28DA832E281272770081CB14 /* ProfileViewController.swift */; };
		28DA83312812744F0081CB14 /* ProfileView.xib in Resources */ = {isa = PBXBuildFile; fileRef = 28DA83302812744F0081CB14 /* ProfileView.xib */; };
		28DA8333281274BF0081CB14 /* NibOwnerLoadable.swift in Sources */ = {isa = PBXBuildFile; fileRef = 28DA8332281274BF0081CB14 /* NibOwnerLoadable.swift */; };
		28DA8335281274E30081CB14 /* ProfileView.swift in Sources */ = {isa = PBXBuildFile; fileRef = 28DA8334281274E30081CB14 /* ProfileView.swift */; };
		28DA833828127AEE0081CB14 /* FeatureCollectionViewCell.swift in Sources */ = {isa = PBXBuildFile; fileRef = 28DA833628127AEE0081CB14 /* FeatureCollectionViewCell.swift */; };
		28DA833928127AEE0081CB14 /* FeatureCollectionViewCell.xib in Resources */ = {isa = PBXBuildFile; fileRef = 28DA833728127AEE0081CB14 /* FeatureCollectionViewCell.xib */; };
		28DA833B28129CFF0081CB14 /* MandateViewController.swift in Sources */ = {isa = PBXBuildFile; fileRef = 28DA833A28129CFF0081CB14 /* MandateViewController.swift */; };
		28DA833F2812AB940081CB14 /* MandateTableViewCell.swift in Sources */ = {isa = PBXBuildFile; fileRef = 28DA833D2812AB940081CB14 /* MandateTableViewCell.swift */; };
		28DA83402812AB940081CB14 /* MandateTableViewCell.xib in Resources */ = {isa = PBXBuildFile; fileRef = 28DA833E2812AB940081CB14 /* MandateTableViewCell.xib */; };
		28DA83432812AF950081CB14 /* 93125-progress-bar.json in Resources */ = {isa = PBXBuildFile; fileRef = 28DA83422812AF950081CB14 /* 93125-progress-bar.json */; };
		28F7C972280347F200BE4C76 /* StudyGoalManager.swift in Sources */ = {isa = PBXBuildFile; fileRef = 28F7C971280347F200BE4C76 /* StudyGoalManager.swift */; };
		28FF433D2813D08E00C58E6B /* Mandate.swift in Sources */ = {isa = PBXBuildFile; fileRef = 28FF433C2813D08E00C58E6B /* Mandate.swift */; };
		28FF433F2813D12200C58E6B /* MandateManager.swift in Sources */ = {isa = PBXBuildFile; fileRef = 28FF433E2813D12200C58E6B /* MandateManager.swift */; };
		6DAAA26455954CD3CA3F47AE /* Pods_Growing_Traveler.framework in Frameworks */ = {isa = PBXBuildFile; fileRef = D6535E9AD2C3D2FC32302DD1 /* Pods_Growing_Traveler.framework */; };
/* End PBXBuildFile section */

/* Begin PBXFileReference section */
		2803AD212817F30F00AF3AD3 /* SignInViewController.swift */ = {isa = PBXFileReference; lastKnownFileType = sourcecode.swift; path = SignInViewController.swift; sourceTree = "<group>"; };
		2808C911280FEC7600DC1EC5 /* Note.storyboard */ = {isa = PBXFileReference; lastKnownFileType = file.storyboard; path = Note.storyboard; sourceTree = "<group>"; };
		2808C913280FECA800DC1EC5 /* AnalysisViewController.swift */ = {isa = PBXFileReference; lastKnownFileType = sourcecode.swift; path = AnalysisViewController.swift; sourceTree = "<group>"; };
		2808C917280FF2B700DC1EC5 /* AnalysisManager.swift */ = {isa = PBXFileReference; lastKnownFileType = sourcecode.swift; path = AnalysisManager.swift; sourceTree = "<group>"; };
		2808C91928100F6000DC1EC5 /* CalculateBar.swift */ = {isa = PBXFileReference; lastKnownFileType = sourcecode.swift; path = CalculateBar.swift; sourceTree = "<group>"; };
		2808C91F28103B1E00DC1EC5 /* AnalysisBarChatTableViewCell.swift */ = {isa = PBXFileReference; lastKnownFileType = sourcecode.swift; path = AnalysisBarChatTableViewCell.swift; sourceTree = "<group>"; };
		2808C92028103B1E00DC1EC5 /* AnalysisBarChatTableViewCell.xib */ = {isa = PBXFileReference; lastKnownFileType = file.xib; path = AnalysisBarChatTableViewCell.xib; sourceTree = "<group>"; };
		2808C924281131A400DC1EC5 /* AnalysisContentTableViewCell.swift */ = {isa = PBXFileReference; lastKnownFileType = sourcecode.swift; path = AnalysisContentTableViewCell.swift; sourceTree = "<group>"; };
		2808C925281131A400DC1EC5 /* AnalysisContentTableViewCell.xib */ = {isa = PBXFileReference; lastKnownFileType = file.xib; path = AnalysisContentTableViewCell.xib; sourceTree = "<group>"; };
		2808C928281131C700DC1EC5 /* AnalysisPieChartTableViewCell.swift */ = {isa = PBXFileReference; lastKnownFileType = sourcecode.swift; path = AnalysisPieChartTableViewCell.swift; sourceTree = "<group>"; };
		2808C929281131C700DC1EC5 /* AnalysisPieChartTableViewCell.xib */ = {isa = PBXFileReference; lastKnownFileType = file.xib; path = AnalysisPieChartTableViewCell.xib; sourceTree = "<group>"; };
		280C1AFB280D5D7C0091B9DC /* Chat.storyboard */ = {isa = PBXFileReference; lastKnownFileType = file.storyboard; path = Chat.storyboard; sourceTree = "<group>"; };
		280C1AFE280D680A0091B9DC /* Chat.swift */ = {isa = PBXFileReference; lastKnownFileType = sourcecode.swift; path = Chat.swift; sourceTree = "<group>"; };
		280C1B00280D772E0091B9DC /* ChatRoomManager.swift */ = {isa = PBXFileReference; lastKnownFileType = sourcecode.swift; path = ChatRoomManager.swift; sourceTree = "<group>"; };
		280C1B03280D77770091B9DC /* FriendViewController.swift */ = {isa = PBXFileReference; lastKnownFileType = sourcecode.swift; path = FriendViewController.swift; sourceTree = "<group>"; };
		280C1B05280D77900091B9DC /* ChatViewController.swift */ = {isa = PBXFileReference; lastKnownFileType = sourcecode.swift; path = ChatViewController.swift; sourceTree = "<group>"; };
		280C1B08280D78B90091B9DC /* FriendListTableViewCell.swift */ = {isa = PBXFileReference; lastKnownFileType = sourcecode.swift; path = FriendListTableViewCell.swift; sourceTree = "<group>"; };
		280C1B09280D78B90091B9DC /* FriendListTableViewCell.xib */ = {isa = PBXFileReference; lastKnownFileType = file.xib; path = FriendListTableViewCell.xib; sourceTree = "<group>"; };
		280C1B0D280E424C0091B9DC /* Friend.swift */ = {isa = PBXFileReference; lastKnownFileType = sourcecode.swift; path = Friend.swift; sourceTree = "<group>"; };
		280C1B0F280E42780091B9DC /* UserInfo.swift */ = {isa = PBXFileReference; lastKnownFileType = sourcecode.swift; path = UserInfo.swift; sourceTree = "<group>"; };
		280C1B11280E42FC0091B9DC /* FriendManager.swift */ = {isa = PBXFileReference; lastKnownFileType = sourcecode.swift; path = FriendManager.swift; sourceTree = "<group>"; };
		280C1B13280E58BB0091B9DC /* ReceiveMessageTableViewCell.swift */ = {isa = PBXFileReference; lastKnownFileType = sourcecode.swift; path = ReceiveMessageTableViewCell.swift; sourceTree = "<group>"; };
		280C1B14280E58BB0091B9DC /* ReceiveMessageTableViewCell.xib */ = {isa = PBXFileReference; lastKnownFileType = file.xib; path = ReceiveMessageTableViewCell.xib; sourceTree = "<group>"; };
		280C1B17280E58C70091B9DC /* SendMessageTableViewCell.swift */ = {isa = PBXFileReference; lastKnownFileType = sourcecode.swift; path = SendMessageTableViewCell.swift; sourceTree = "<group>"; };
		280C1B18280E58C70091B9DC /* SendMessageTableViewCell.xib */ = {isa = PBXFileReference; lastKnownFileType = file.xib; path = SendMessageTableViewCell.xib; sourceTree = "<group>"; };
		281358D1281AC24A000B0CAE /* ReleaseRecordViewController.swift */ = {isa = PBXFileReference; lastKnownFileType = sourcecode.swift; path = ReleaseRecordViewController.swift; sourceTree = "<group>"; };
		281358D5281BBD4B000B0CAE /* CertificationViewController.swift */ = {isa = PBXFileReference; lastKnownFileType = sourcecode.swift; path = CertificationViewController.swift; sourceTree = "<group>"; };
		281358D8281BC8F6000B0CAE /* CertificationTableViewCell.swift */ = {isa = PBXFileReference; lastKnownFileType = sourcecode.swift; path = CertificationTableViewCell.swift; sourceTree = "<group>"; };
		281358D9281BC8F6000B0CAE /* CertificationTableViewCell.xib */ = {isa = PBXFileReference; lastKnownFileType = file.xib; path = CertificationTableViewCell.xib; sourceTree = "<group>"; };
		281358DC281BD0D5000B0CAE /* PublishCertificationViewController.swift */ = {isa = PBXFileReference; lastKnownFileType = sourcecode.swift; path = PublishCertificationViewController.swift; sourceTree = "<group>"; };
		281358E1281C2C53000B0CAE /* NoteViewController.swift */ = {isa = PBXFileReference; lastKnownFileType = sourcecode.swift; path = NoteViewController.swift; sourceTree = "<group>"; };
		281358E3281C2D2A000B0CAE /* NoteTableViewCell.swift */ = {isa = PBXFileReference; lastKnownFileType = sourcecode.swift; path = NoteTableViewCell.swift; sourceTree = "<group>"; };
		281358E4281C2D2A000B0CAE /* NoteTableViewCell.xib */ = {isa = PBXFileReference; lastKnownFileType = file.xib; path = NoteTableViewCell.xib; sourceTree = "<group>"; };
		281358E7281C31AB000B0CAE /* PublishNoteViewController.swift */ = {isa = PBXFileReference; lastKnownFileType = sourcecode.swift; path = PublishNoteViewController.swift; sourceTree = "<group>"; };
		281358E9281D11BA000B0CAE /* NoteDetailViewController.swift */ = {isa = PBXFileReference; lastKnownFileType = sourcecode.swift; path = NoteDetailViewController.swift; sourceTree = "<group>"; };
		281358EB281D4DEF000B0CAE /* ErrorManager.swift */ = {isa = PBXFileReference; lastKnownFileType = sourcecode.swift; path = ErrorManager.swift; sourceTree = "<group>"; };
		281358ED281E6B72000B0CAE /* Vision.json */ = {isa = PBXFileReference; fileEncoding = 4; lastKnownFileType = text.json; path = Vision.json; sourceTree = "<group>"; };
		281358F1281E790E000B0CAE /* Growth-Animation.json */ = {isa = PBXFileReference; fileEncoding = 4; lastKnownFileType = text.json; path = "Growth-Animation.json"; sourceTree = "<group>"; };
		281358F4281E7BE2000B0CAE /* UIColor+Extension.swift */ = {isa = PBXFileReference; lastKnownFileType = sourcecode.swift; path = "UIColor+Extension.swift"; sourceTree = "<group>"; };
		282522BF280ED53A0008B916 /* ApplyFriendViewController.swift */ = {isa = PBXFileReference; lastKnownFileType = sourcecode.swift; path = ApplyFriendViewController.swift; sourceTree = "<group>"; };
		282522C4280ED6590008B916 /* BlockadeFriendViewController.swift */ = {isa = PBXFileReference; lastKnownFileType = sourcecode.swift; path = BlockadeFriendViewController.swift; sourceTree = "<group>"; };
		282522CB280F02B50008B916 /* ConfirmApplyViewController.swift */ = {isa = PBXFileReference; lastKnownFileType = sourcecode.swift; path = ConfirmApplyViewController.swift; sourceTree = "<group>"; };
		282522DA280FE5520008B916 /* KeyToken.swift */ = {isa = PBXFileReference; fileEncoding = 4; lastKnownFileType = sourcecode.swift; path = KeyToken.swift; sourceTree = "<group>"; };
		283D2C3D2803E63C004D19E4 /* BaseViewController.swift */ = {isa = PBXFileReference; lastKnownFileType = sourcecode.swift; path = BaseViewController.swift; sourceTree = "<group>"; };
		283E6582281797F300F1033F /* GoogleService-Info.plist */ = {isa = PBXFileReference; fileEncoding = 4; lastKnownFileType = text.plist.xml; path = "GoogleService-Info.plist"; sourceTree = "<group>"; };
		283E65842817CD6300F1033F /* ProfileSettingViewController.swift */ = {isa = PBXFileReference; lastKnownFileType = sourcecode.swift; path = ProfileSettingViewController.swift; sourceTree = "<group>"; };
		283E65872817D19C00F1033F /* SettingImageTableViewCell.swift */ = {isa = PBXFileReference; lastKnownFileType = sourcecode.swift; path = SettingImageTableViewCell.swift; sourceTree = "<group>"; };
		283E65882817D19C00F1033F /* SettingImageTableViewCell.xib */ = {isa = PBXFileReference; lastKnownFileType = file.xib; path = SettingImageTableViewCell.xib; sourceTree = "<group>"; };
		283E658B2817D8A700F1033F /* SettingContentTableViewCell.swift */ = {isa = PBXFileReference; lastKnownFileType = sourcecode.swift; path = SettingContentTableViewCell.swift; sourceTree = "<group>"; };
		283E658C2817D8A700F1033F /* SettingContentTableViewCell.xib */ = {isa = PBXFileReference; lastKnownFileType = file.xib; path = SettingContentTableViewCell.xib; sourceTree = "<group>"; };
		283E658F2817DF2300F1033F /* SettingSignTableViewCell.swift */ = {isa = PBXFileReference; lastKnownFileType = sourcecode.swift; path = SettingSignTableViewCell.swift; sourceTree = "<group>"; };
		283E65902817DF2300F1033F /* SettingSignTableViewCell.xib */ = {isa = PBXFileReference; lastKnownFileType = file.xib; path = SettingSignTableViewCell.xib; sourceTree = "<group>"; };
		285703592811856A00849FAA /* UserManager.swift */ = {isa = PBXFileReference; lastKnownFileType = sourcecode.swift; path = UserManager.swift; sourceTree = "<group>"; };
		2857035B28118F8D00849FAA /* Feedback.swift */ = {isa = PBXFileReference; lastKnownFileType = sourcecode.swift; path = Feedback.swift; sourceTree = "<group>"; };
		2857035D281197FC00849FAA /* Double+Extension.swift */ = {isa = PBXFileReference; lastKnownFileType = sourcecode.swift; path = "Double+Extension.swift"; sourceTree = "<group>"; };
		285F3F3F2801586200E84CF2 /* SelectCalendarViewController.swift */ = {isa = PBXFileReference; lastKnownFileType = sourcecode.swift; path = SelectCalendarViewController.swift; sourceTree = "<group>"; };
		285F3F4228017AEF00E84CF2 /* SelectCategoryViewController.swift */ = {isa = PBXFileReference; lastKnownFileType = sourcecode.swift; path = SelectCategoryViewController.swift; sourceTree = "<group>"; };
		285F3F4828018ED400E84CF2 /* CategoryTableViewCell.swift */ = {isa = PBXFileReference; lastKnownFileType = sourcecode.swift; path = CategoryTableViewCell.swift; sourceTree = "<group>"; };
		285F3F4928018ED400E84CF2 /* CategoryTableViewCell.xib */ = {isa = PBXFileReference; lastKnownFileType = file.xib; path = CategoryTableViewCell.xib; sourceTree = "<group>"; };
		28754AC6280305370079F430 /* StudyGoal.swift */ = {isa = PBXFileReference; lastKnownFileType = sourcecode.swift; path = StudyGoal.swift; sourceTree = "<group>"; };
		28754AC82803079A0079F430 /* StudyItemTableViewCell.swift */ = {isa = PBXFileReference; lastKnownFileType = sourcecode.swift; path = StudyItemTableViewCell.swift; sourceTree = "<group>"; };
		28754AC92803079A0079F430 /* StudyItemTableViewCell.xib */ = {isa = PBXFileReference; lastKnownFileType = file.xib; path = StudyItemTableViewCell.xib; sourceTree = "<group>"; };
		288367A6280126FE0010CEAD /* UIStoryboard+Extension.swift */ = {isa = PBXFileReference; lastKnownFileType = sourcecode.swift; path = "UIStoryboard+Extension.swift"; sourceTree = "<group>"; };
		288367A8280129F30010CEAD /* StudyGoal.storyboard */ = {isa = PBXFileReference; lastKnownFileType = file.storyboard; path = StudyGoal.storyboard; sourceTree = "<group>"; };
		288367AA28012A2F0010CEAD /* StudyGoalViewController.swift */ = {isa = PBXFileReference; lastKnownFileType = sourcecode.swift; path = StudyGoalViewController.swift; sourceTree = "<group>"; };
		288367AD280134280010CEAD /* PlanStudyGoalViewController.swift */ = {isa = PBXFileReference; lastKnownFileType = sourcecode.swift; path = PlanStudyGoalViewController.swift; sourceTree = "<group>"; };
		288367B428013E800010CEAD /* PlanStudyGoalHeaderView.xib */ = {isa = PBXFileReference; lastKnownFileType = file.xib; path = PlanStudyGoalHeaderView.xib; sourceTree = "<group>"; };
		288367B628013E900010CEAD /* PlanStudyGoalHeaderView.swift */ = {isa = PBXFileReference; lastKnownFileType = sourcecode.swift; path = PlanStudyGoalHeaderView.swift; sourceTree = "<group>"; };
		289679F5282226F6008A15F0 /* UserInfoViewController.swift */ = {isa = PBXFileReference; lastKnownFileType = sourcecode.swift; path = UserInfoViewController.swift; sourceTree = "<group>"; };
		28A6F45A280ADAAF00EFCC2C /* ArticleMessageHeaderView.swift */ = {isa = PBXFileReference; lastKnownFileType = sourcecode.swift; path = ArticleMessageHeaderView.swift; sourceTree = "<group>"; };
		28A6F45D280ADAC900EFCC2C /* ArticleMessageHeaderView.xib */ = {isa = PBXFileReference; lastKnownFileType = file.xib; path = ArticleMessageHeaderView.xib; sourceTree = "<group>"; };
		28A6F463280AED1600EFCC2C /* ArticleMessageTableViewCell.swift */ = {isa = PBXFileReference; lastKnownFileType = sourcecode.swift; path = ArticleMessageTableViewCell.swift; sourceTree = "<group>"; };
		28A6F464280AED1600EFCC2C /* ArticleMessageTableViewCell.xib */ = {isa = PBXFileReference; lastKnownFileType = file.xib; path = ArticleMessageTableViewCell.xib; sourceTree = "<group>"; };
		28AF15AB2804033B004E97B8 /* StudyGoalTableViewCell.swift */ = {isa = PBXFileReference; lastKnownFileType = sourcecode.swift; path = StudyGoalTableViewCell.swift; sourceTree = "<group>"; };
		28AF15AC2804033B004E97B8 /* StudyGoalTableViewCell.xib */ = {isa = PBXFileReference; lastKnownFileType = file.xib; path = StudyGoalTableViewCell.xib; sourceTree = "<group>"; };
		28AF15B028040948004E97B8 /* StudyGoalHeaderView.swift */ = {isa = PBXFileReference; lastKnownFileType = sourcecode.swift; path = StudyGoalHeaderView.swift; sourceTree = "<group>"; };
		28AF15B228040954004E97B8 /* StudyGoalHeaderView.xib */ = {isa = PBXFileReference; lastKnownFileType = file.xib; path = StudyGoalHeaderView.xib; sourceTree = "<group>"; };
		28AF15B428040A82004E97B8 /* StudyGoalFooterView.swift */ = {isa = PBXFileReference; lastKnownFileType = sourcecode.swift; path = StudyGoalFooterView.swift; sourceTree = "<group>"; };
		28AF15B628040A8E004E97B8 /* StudyGoalFooterView.xib */ = {isa = PBXFileReference; lastKnownFileType = file.xib; path = StudyGoalFooterView.xib; sourceTree = "<group>"; };
		28AF15B92804EDFF004E97B8 /* CalendarViewController.swift */ = {isa = PBXFileReference; lastKnownFileType = sourcecode.swift; path = CalendarViewController.swift; sourceTree = "<group>"; };
		28BB6EE528066441002B0458 /* Forum.storyboard */ = {isa = PBXFileReference; lastKnownFileType = file.storyboard; path = Forum.storyboard; sourceTree = "<group>"; };
		28BB6EE828066639002B0458 /* ForumViewController.swift */ = {isa = PBXFileReference; lastKnownFileType = sourcecode.swift; path = ForumViewController.swift; sourceTree = "<group>"; };
		28BB6EEA28066926002B0458 /* PublishForumArticleViewController.swift */ = {isa = PBXFileReference; lastKnownFileType = sourcecode.swift; path = PublishForumArticleViewController.swift; sourceTree = "<group>"; };
		28BB6EEC28066FC1002B0458 /* PublishArticleTableViewCell.swift */ = {isa = PBXFileReference; lastKnownFileType = sourcecode.swift; path = PublishArticleTableViewCell.swift; sourceTree = "<group>"; };
		28BB6EED28066FC1002B0458 /* PublishArticleTableViewCell.xib */ = {isa = PBXFileReference; lastKnownFileType = file.xib; path = PublishArticleTableViewCell.xib; sourceTree = "<group>"; };
		28BB6EF5280690EB002B0458 /* ForumArticleManager.swift */ = {isa = PBXFileReference; lastKnownFileType = sourcecode.swift; path = ForumArticleManager.swift; sourceTree = "<group>"; };
		28BB6EF728069111002B0458 /* ForumArticle.swift */ = {isa = PBXFileReference; lastKnownFileType = sourcecode.swift; path = ForumArticle.swift; sourceTree = "<group>"; };
		28BB6EFB2807C25C002B0458 /* UploadImageManager.swift */ = {isa = PBXFileReference; lastKnownFileType = sourcecode.swift; path = UploadImageManager.swift; sourceTree = "<group>"; };
		28BB6EFD2807C86C002B0458 /* ArticleTableViewCell.swift */ = {isa = PBXFileReference; lastKnownFileType = sourcecode.swift; path = ArticleTableViewCell.swift; sourceTree = "<group>"; };
		28BB6EFE2807C86C002B0458 /* ArticleTableViewCell.xib */ = {isa = PBXFileReference; lastKnownFileType = file.xib; path = ArticleTableViewCell.xib; sourceTree = "<group>"; };
		28BB6F032807EC75002B0458 /* UIImageView+Extension.swift */ = {isa = PBXFileReference; lastKnownFileType = sourcecode.swift; path = "UIImageView+Extension.swift"; sourceTree = "<group>"; };
		28BB6F2B28096AAA002B0458 /* MoreArticlesViewController.swift */ = {isa = PBXFileReference; lastKnownFileType = sourcecode.swift; path = MoreArticlesViewController.swift; sourceTree = "<group>"; };
		28BB6F2D28096C40002B0458 /* MoreArticlesTableViewCell.swift */ = {isa = PBXFileReference; lastKnownFileType = sourcecode.swift; path = MoreArticlesTableViewCell.swift; sourceTree = "<group>"; };
		28BB6F2E28096C40002B0458 /* MoreArticlesTableViewCell.xib */ = {isa = PBXFileReference; lastKnownFileType = file.xib; path = MoreArticlesTableViewCell.xib; sourceTree = "<group>"; };
		28BB6F3128098BC6002B0458 /* ArticleDetailViewController.swift */ = {isa = PBXFileReference; lastKnownFileType = sourcecode.swift; path = ArticleDetailViewController.swift; sourceTree = "<group>"; };
		28BB6F3728098CC1002B0458 /* ArticleDetailHeaderView.swift */ = {isa = PBXFileReference; lastKnownFileType = sourcecode.swift; path = ArticleDetailHeaderView.swift; sourceTree = "<group>"; };
		28BB6F3928098CCD002B0458 /* ArticleDetailHeaderView.xib */ = {isa = PBXFileReference; lastKnownFileType = file.xib; path = ArticleDetailHeaderView.xib; sourceTree = "<group>"; };
		28BB6F3F280A919C002B0458 /* ArticleDetailTableViewCell.swift */ = {isa = PBXFileReference; lastKnownFileType = sourcecode.swift; path = ArticleDetailTableViewCell.swift; sourceTree = "<group>"; };
		28BB6F40280A919C002B0458 /* ArticleDetailTableViewCell.xib */ = {isa = PBXFileReference; lastKnownFileType = file.xib; path = ArticleDetailTableViewCell.xib; sourceTree = "<group>"; };
		28BB6F43280AA722002B0458 /* ArticleMessageViewController.swift */ = {isa = PBXFileReference; lastKnownFileType = sourcecode.swift; path = ArticleMessageViewController.swift; sourceTree = "<group>"; };
		28BC2C192815603C00E69BE0 /* UIImage+Extension.swift */ = {isa = PBXFileReference; lastKnownFileType = sourcecode.swift; path = "UIImage+Extension.swift"; sourceTree = "<group>"; };
		28BC2C1C2816860000E69BE0 /* Authentication.storyboard */ = {isa = PBXFileReference; lastKnownFileType = file.storyboard; path = Authentication.storyboard; sourceTree = "<group>"; };
		28BC2C1F2816864600E69BE0 /* AuthenticationViewController.swift */ = {isa = PBXFileReference; lastKnownFileType = sourcecode.swift; path = AuthenticationViewController.swift; sourceTree = "<group>"; };
		28BC2C212816867F00E69BE0 /* Growing-Traveler.entitlements */ = {isa = PBXFileReference; lastKnownFileType = text.plist.entitlements; path = "Growing-Traveler.entitlements"; sourceTree = "<group>"; };
		28C9985A28236C8500E3B4C0 /* ShareToFriendViewController.swift */ = {isa = PBXFileReference; lastKnownFileType = sourcecode.swift; path = ShareToFriendViewController.swift; sourceTree = "<group>"; };
		28C9985D2823839A00E3B4C0 /* ShareReceiveTableViewCell.swift */ = {isa = PBXFileReference; lastKnownFileType = sourcecode.swift; path = ShareReceiveTableViewCell.swift; sourceTree = "<group>"; };
		28C9985E2823839A00E3B4C0 /* ShareReceiveTableViewCell.xib */ = {isa = PBXFileReference; lastKnownFileType = file.xib; path = ShareReceiveTableViewCell.xib; sourceTree = "<group>"; };
		28C99861282383A900E3B4C0 /* ShareSendTableViewCell.swift */ = {isa = PBXFileReference; lastKnownFileType = sourcecode.swift; path = ShareSendTableViewCell.swift; sourceTree = "<group>"; };
		28C99862282383A900E3B4C0 /* ShareSendTableViewCell.xib */ = {isa = PBXFileReference; lastKnownFileType = file.xib; path = ShareSendTableViewCell.xib; sourceTree = "<group>"; };
		28C998652824A93C00E3B4C0 /* UIView+Extension.swift */ = {isa = PBXFileReference; lastKnownFileType = sourcecode.swift; path = "UIView+Extension.swift"; sourceTree = "<group>"; };
		28CE2D3B27FECBF400ACA813 /* Growing-Traveler.app */ = {isa = PBXFileReference; explicitFileType = wrapper.application; includeInIndex = 0; path = "Growing-Traveler.app"; sourceTree = BUILT_PRODUCTS_DIR; };
		28CE2D3E27FECBF400ACA813 /* AppDelegate.swift */ = {isa = PBXFileReference; lastKnownFileType = sourcecode.swift; path = AppDelegate.swift; sourceTree = "<group>"; };
		28CE2D4027FECBF400ACA813 /* SceneDelegate.swift */ = {isa = PBXFileReference; lastKnownFileType = sourcecode.swift; path = SceneDelegate.swift; sourceTree = "<group>"; };
		28CE2D4227FECBF400ACA813 /* TabBarViewController.swift */ = {isa = PBXFileReference; lastKnownFileType = sourcecode.swift; path = TabBarViewController.swift; sourceTree = "<group>"; };
		28CE2D4527FECBF400ACA813 /* Base */ = {isa = PBXFileReference; lastKnownFileType = file.storyboard; name = Base; path = Base.lproj/Main.storyboard; sourceTree = "<group>"; };
		28CE2D4727FECBF500ACA813 /* Assets.xcassets */ = {isa = PBXFileReference; lastKnownFileType = folder.assetcatalog; path = Assets.xcassets; sourceTree = "<group>"; };
		28CE2D4A27FECBF500ACA813 /* Base */ = {isa = PBXFileReference; lastKnownFileType = file.storyboard; name = Base; path = Base.lproj/LaunchScreen.storyboard; sourceTree = "<group>"; };
		28CE2D4C27FECBF500ACA813 /* Info.plist */ = {isa = PBXFileReference; lastKnownFileType = text.plist.xml; path = Info.plist; sourceTree = "<group>"; };
		28D702BC28019D0C00FE9AEA /* CategoryManager.swift */ = {isa = PBXFileReference; lastKnownFileType = sourcecode.swift; path = CategoryManager.swift; sourceTree = "<group>"; };
		28D702BE28019E0300FE9AEA /* Category.swift */ = {isa = PBXFileReference; lastKnownFileType = sourcecode.swift; path = Category.swift; sourceTree = "<group>"; };
		28D702C02802B41B00FE9AEA /* SelectStudyItemViewController.swift */ = {isa = PBXFileReference; lastKnownFileType = sourcecode.swift; path = SelectStudyItemViewController.swift; sourceTree = "<group>"; };
		28D79FDA2817F53D00505B5B /* SignInTableViewCell.swift */ = {isa = PBXFileReference; lastKnownFileType = sourcecode.swift; path = SignInTableViewCell.swift; sourceTree = "<group>"; };
		28D79FDB2817F53D00505B5B /* SignInTableViewCell.xib */ = {isa = PBXFileReference; lastKnownFileType = file.xib; path = SignInTableViewCell.xib; sourceTree = "<group>"; };
		28D79FDE2817F56100505B5B /* SignUpTableViewCell.swift */ = {isa = PBXFileReference; lastKnownFileType = sourcecode.swift; path = SignUpTableViewCell.swift; sourceTree = "<group>"; };
		28D79FDF2817F56100505B5B /* SignUpTableViewCell.xib */ = {isa = PBXFileReference; lastKnownFileType = file.xib; path = SignUpTableViewCell.xib; sourceTree = "<group>"; };
		28D79FE228182C3100505B5B /* DeleteUserManager.swift */ = {isa = PBXFileReference; lastKnownFileType = sourcecode.swift; path = DeleteUserManager.swift; sourceTree = "<group>"; };
		28D79FEA281A869D00505B5B /* RankViewController.swift */ = {isa = PBXFileReference; lastKnownFileType = sourcecode.swift; path = RankViewController.swift; sourceTree = "<group>"; };
		28D79FF0281A8BDE00505B5B /* RankTableViewCell.swift */ = {isa = PBXFileReference; lastKnownFileType = sourcecode.swift; path = RankTableViewCell.swift; sourceTree = "<group>"; };
		28D79FF1281A8BDE00505B5B /* RankTableViewCell.xib */ = {isa = PBXFileReference; lastKnownFileType = file.xib; path = RankTableViewCell.xib; sourceTree = "<group>"; };
		28DA832C281272560081CB14 /* Profile.storyboard */ = {isa = PBXFileReference; lastKnownFileType = file.storyboard; path = Profile.storyboard; sourceTree = "<group>"; };
		28DA832E281272770081CB14 /* ProfileViewController.swift */ = {isa = PBXFileReference; lastKnownFileType = sourcecode.swift; path = ProfileViewController.swift; sourceTree = "<group>"; };
		28DA83302812744F0081CB14 /* ProfileView.xib */ = {isa = PBXFileReference; lastKnownFileType = file.xib; path = ProfileView.xib; sourceTree = "<group>"; };
		28DA8332281274BF0081CB14 /* NibOwnerLoadable.swift */ = {isa = PBXFileReference; lastKnownFileType = sourcecode.swift; path = NibOwnerLoadable.swift; sourceTree = "<group>"; };
		28DA8334281274E30081CB14 /* ProfileView.swift */ = {isa = PBXFileReference; lastKnownFileType = sourcecode.swift; path = ProfileView.swift; sourceTree = "<group>"; };
		28DA833628127AEE0081CB14 /* FeatureCollectionViewCell.swift */ = {isa = PBXFileReference; lastKnownFileType = sourcecode.swift; path = FeatureCollectionViewCell.swift; sourceTree = "<group>"; };
		28DA833728127AEE0081CB14 /* FeatureCollectionViewCell.xib */ = {isa = PBXFileReference; lastKnownFileType = file.xib; path = FeatureCollectionViewCell.xib; sourceTree = "<group>"; };
		28DA833A28129CFF0081CB14 /* MandateViewController.swift */ = {isa = PBXFileReference; lastKnownFileType = sourcecode.swift; path = MandateViewController.swift; sourceTree = "<group>"; };
		28DA833D2812AB940081CB14 /* MandateTableViewCell.swift */ = {isa = PBXFileReference; lastKnownFileType = sourcecode.swift; path = MandateTableViewCell.swift; sourceTree = "<group>"; };
		28DA833E2812AB940081CB14 /* MandateTableViewCell.xib */ = {isa = PBXFileReference; lastKnownFileType = file.xib; path = MandateTableViewCell.xib; sourceTree = "<group>"; };
		28DA83422812AF950081CB14 /* 93125-progress-bar.json */ = {isa = PBXFileReference; fileEncoding = 4; lastKnownFileType = text.json; path = "93125-progress-bar.json"; sourceTree = "<group>"; };
		28F7C971280347F200BE4C76 /* StudyGoalManager.swift */ = {isa = PBXFileReference; lastKnownFileType = sourcecode.swift; path = StudyGoalManager.swift; sourceTree = "<group>"; };
		28FF433C2813D08E00C58E6B /* Mandate.swift */ = {isa = PBXFileReference; lastKnownFileType = sourcecode.swift; path = Mandate.swift; sourceTree = "<group>"; };
		28FF433E2813D12200C58E6B /* MandateManager.swift */ = {isa = PBXFileReference; lastKnownFileType = sourcecode.swift; path = MandateManager.swift; sourceTree = "<group>"; };
		59D1AA67F7C7E82E240245D2 /* Pods-Growing-Traveler.release.xcconfig */ = {isa = PBXFileReference; includeInIndex = 1; lastKnownFileType = text.xcconfig; name = "Pods-Growing-Traveler.release.xcconfig"; path = "Target Support Files/Pods-Growing-Traveler/Pods-Growing-Traveler.release.xcconfig"; sourceTree = "<group>"; };
		A54E3632DB38C498B42C6229 /* Pods-Growing-Traveler.debug.xcconfig */ = {isa = PBXFileReference; includeInIndex = 1; lastKnownFileType = text.xcconfig; name = "Pods-Growing-Traveler.debug.xcconfig"; path = "Target Support Files/Pods-Growing-Traveler/Pods-Growing-Traveler.debug.xcconfig"; sourceTree = "<group>"; };
		D6535E9AD2C3D2FC32302DD1 /* Pods_Growing_Traveler.framework */ = {isa = PBXFileReference; explicitFileType = wrapper.framework; includeInIndex = 0; path = Pods_Growing_Traveler.framework; sourceTree = BUILT_PRODUCTS_DIR; };
/* End PBXFileReference section */

/* Begin PBXFrameworksBuildPhase section */
		28CE2D3827FECBF400ACA813 /* Frameworks */ = {
			isa = PBXFrameworksBuildPhase;
			buildActionMask = 2147483647;
			files = (
				6DAAA26455954CD3CA3F47AE /* Pods_Growing_Traveler.framework in Frameworks */,
			);
			runOnlyForDeploymentPostprocessing = 0;
		};
/* End PBXFrameworksBuildPhase section */

/* Begin PBXGroup section */
		0054609D10F3AA20D5FD8BE3 /* Pods */ = {
			isa = PBXGroup;
			children = (
				A54E3632DB38C498B42C6229 /* Pods-Growing-Traveler.debug.xcconfig */,
				59D1AA67F7C7E82E240245D2 /* Pods-Growing-Traveler.release.xcconfig */,
			);
			path = Pods;
			sourceTree = "<group>";
		};
		2803AD232817F42C00AF3AD3 /* Authentication */ = {
			isa = PBXGroup;
			children = (
				28D79FDA2817F53D00505B5B /* SignInTableViewCell.swift */,
				28D79FDB2817F53D00505B5B /* SignInTableViewCell.xib */,
				28D79FDE2817F56100505B5B /* SignUpTableViewCell.swift */,
				28D79FDF2817F56100505B5B /* SignUpTableViewCell.xib */,
			);
			path = Authentication;
			sourceTree = "<group>";
		};
		2808C90E280FEC2B00DC1EC5 /* Analysis */ = {
			isa = PBXGroup;
			children = (
				2808C91F28103B1E00DC1EC5 /* AnalysisBarChatTableViewCell.swift */,
				2808C92028103B1E00DC1EC5 /* AnalysisBarChatTableViewCell.xib */,
				2808C928281131C700DC1EC5 /* AnalysisPieChartTableViewCell.swift */,
				2808C929281131C700DC1EC5 /* AnalysisPieChartTableViewCell.xib */,
				2808C924281131A400DC1EC5 /* AnalysisContentTableViewCell.swift */,
				2808C925281131A400DC1EC5 /* AnalysisContentTableViewCell.xib */,
			);
			path = Analysis;
			sourceTree = "<group>";
		};
		2808C90F280FEC3700DC1EC5 /* Analysis */ = {
			isa = PBXGroup;
			children = (
				2808C917280FF2B700DC1EC5 /* AnalysisManager.swift */,
				2808C91928100F6000DC1EC5 /* CalculateBar.swift */,
				2857035B28118F8D00849FAA /* Feedback.swift */,
			);
			path = Analysis;
			sourceTree = "<group>";
		};
		2808C910280FEC6800DC1EC5 /* Analysis */ = {
			isa = PBXGroup;
			children = (
				2808C913280FECA800DC1EC5 /* AnalysisViewController.swift */,
			);
			path = Analysis;
			sourceTree = "<group>";
		};
		280C1AFA280D5D3C0091B9DC /* Chat */ = {
			isa = PBXGroup;
			children = (
				282522C2280ED5520008B916 /* Friend */,
				280C1B05280D77900091B9DC /* ChatViewController.swift */,
				289679F5282226F6008A15F0 /* UserInfoViewController.swift */,
			);
			path = Chat;
			sourceTree = "<group>";
		};
		280C1AFD280D678F0091B9DC /* Chat */ = {
			isa = PBXGroup;
			children = (
				282522C1280ED5430008B916 /* Friend */,
				280C1AFE280D680A0091B9DC /* Chat.swift */,
				280C1B00280D772E0091B9DC /* ChatRoomManager.swift */,
			);
			path = Chat;
			sourceTree = "<group>";
		};
		280C1B07280D77AC0091B9DC /* Chat */ = {
			isa = PBXGroup;
			children = (
				28C9985C2823835000E3B4C0 /* ShareToFriend */,
				282522C6280EDCD90008B916 /* Friend */,
				280C1B13280E58BB0091B9DC /* ReceiveMessageTableViewCell.swift */,
				280C1B14280E58BB0091B9DC /* ReceiveMessageTableViewCell.xib */,
				280C1B17280E58C70091B9DC /* SendMessageTableViewCell.swift */,
				280C1B18280E58C70091B9DC /* SendMessageTableViewCell.xib */,
			);
			path = Chat;
			sourceTree = "<group>";
		};
		280C1B0C280E42230091B9DC /* Profile */ = {
			isa = PBXGroup;
			children = (
				280C1B0F280E42780091B9DC /* UserInfo.swift */,
				285703592811856A00849FAA /* UserManager.swift */,
				28D79FE228182C3100505B5B /* DeleteUserManager.swift */,
				281358EB281D4DEF000B0CAE /* ErrorManager.swift */,
			);
			path = Profile;
			sourceTree = "<group>";
		};
		281358D4281BBCF7000B0CAE /* Certification */ = {
			isa = PBXGroup;
			children = (
				281358D5281BBD4B000B0CAE /* CertificationViewController.swift */,
				281358DC281BD0D5000B0CAE /* PublishCertificationViewController.swift */,
			);
			path = Certification;
			sourceTree = "<group>";
		};
		281358D7281BC8D3000B0CAE /* Certification */ = {
			isa = PBXGroup;
			children = (
				281358D8281BC8F6000B0CAE /* CertificationTableViewCell.swift */,
				281358D9281BC8F6000B0CAE /* CertificationTableViewCell.xib */,
			);
			path = Certification;
			sourceTree = "<group>";
		};
		281358DE281C2AB2000B0CAE /* Note */ = {
			isa = PBXGroup;
			children = (
				281358E1281C2C53000B0CAE /* NoteViewController.swift */,
				281358E7281C31AB000B0CAE /* PublishNoteViewController.swift */,
				281358E9281D11BA000B0CAE /* NoteDetailViewController.swift */,
				28C9985A28236C8500E3B4C0 /* ShareToFriendViewController.swift */,
			);
			path = Note;
			sourceTree = "<group>";
		};
		281358DF281C2C01000B0CAE /* Note */ = {
			isa = PBXGroup;
			children = (
				281358E3281C2D2A000B0CAE /* NoteTableViewCell.swift */,
				281358E4281C2D2A000B0CAE /* NoteTableViewCell.xib */,
			);
			path = Note;
			sourceTree = "<group>";
		};
		282522C1280ED5430008B916 /* Friend */ = {
			isa = PBXGroup;
			children = (
				280C1B0D280E424C0091B9DC /* Friend.swift */,
				280C1B11280E42FC0091B9DC /* FriendManager.swift */,
			);
			path = Friend;
			sourceTree = "<group>";
		};
		282522C2280ED5520008B916 /* Friend */ = {
			isa = PBXGroup;
			children = (
				280C1B03280D77770091B9DC /* FriendViewController.swift */,
				282522BF280ED53A0008B916 /* ApplyFriendViewController.swift */,
				282522C4280ED6590008B916 /* BlockadeFriendViewController.swift */,
				282522CB280F02B50008B916 /* ConfirmApplyViewController.swift */,
			);
			path = Friend;
			sourceTree = "<group>";
		};
		282522C6280EDCD90008B916 /* Friend */ = {
			isa = PBXGroup;
			children = (
				280C1B08280D78B90091B9DC /* FriendListTableViewCell.swift */,
				280C1B09280D78B90091B9DC /* FriendListTableViewCell.xib */,
			);
			path = Friend;
			sourceTree = "<group>";
		};
		283E65862817D17700F1033F /* Setting */ = {
			isa = PBXGroup;
			children = (
				283E65872817D19C00F1033F /* SettingImageTableViewCell.swift */,
				283E65882817D19C00F1033F /* SettingImageTableViewCell.xib */,
				283E658B2817D8A700F1033F /* SettingContentTableViewCell.swift */,
				283E658C2817D8A700F1033F /* SettingContentTableViewCell.xib */,
				283E658F2817DF2300F1033F /* SettingSignTableViewCell.swift */,
				283E65902817DF2300F1033F /* SettingSignTableViewCell.xib */,
			);
			path = Setting;
			sourceTree = "<group>";
		};
		288367A22801250F0010CEAD /* Controller */ = {
			isa = PBXGroup;
			children = (
				281358DE281C2AB2000B0CAE /* Note */,
				28BC2C1E2816861600E69BE0 /* Authentication */,
				28DA8329281272240081CB14 /* Profile */,
				280C1AFA280D5D3C0091B9DC /* Chat */,
				28BB6EE72806661F002B0458 /* Forum */,
				288367AC28012A450010CEAD /* StudyGoal */,
				28CE2D4227FECBF400ACA813 /* TabBarViewController.swift */,
				283D2C3D2803E63C004D19E4 /* BaseViewController.swift */,
			);
			path = Controller;
			sourceTree = "<group>";
		};
		288367A32801251C0010CEAD /* View */ = {
			isa = PBXGroup;
			children = (
				281358DF281C2C01000B0CAE /* Note */,
				2803AD232817F42C00AF3AD3 /* Authentication */,
				28DA832A281272390081CB14 /* Profile */,
				280C1B07280D77AC0091B9DC /* Chat */,
				28BB6EE428066418002B0458 /* Forum */,
				288367AF2801396D0010CEAD /* StudyGoal */,
				28CE2D4927FECBF500ACA813 /* LaunchScreen.storyboard */,
				28CE2D4427FECBF400ACA813 /* Main.storyboard */,
				288367A8280129F30010CEAD /* StudyGoal.storyboard */,
				28BB6EE528066441002B0458 /* Forum.storyboard */,
				280C1AFB280D5D7C0091B9DC /* Chat.storyboard */,
				2808C911280FEC7600DC1EC5 /* Note.storyboard */,
				28DA832C281272560081CB14 /* Profile.storyboard */,
				28BC2C1C2816860000E69BE0 /* Authentication.storyboard */,
			);
			path = View;
			sourceTree = "<group>";
		};
		288367A4280125230010CEAD /* Model */ = {
			isa = PBXGroup;
			children = (
				28DA83462813CF3D0081CB14 /* Mandate */,
				2808C90F280FEC3700DC1EC5 /* Analysis */,
				280C1B0C280E42230091B9DC /* Profile */,
				280C1AFD280D678F0091B9DC /* Chat */,
				28BB6EF4280690C8002B0458 /* Forum */,
				28D702BB28019CB300FE9AEA /* StudyGoal */,
				282522DA280FE5520008B916 /* KeyToken.swift */,
				28DA8332281274BF0081CB14 /* NibOwnerLoadable.swift */,
			);
			path = Model;
			sourceTree = "<group>";
		};
		288367A5280125750010CEAD /* Extension */ = {
			isa = PBXGroup;
			children = (
				288367A6280126FE0010CEAD /* UIStoryboard+Extension.swift */,
				28BB6F032807EC75002B0458 /* UIImageView+Extension.swift */,
				2857035D281197FC00849FAA /* Double+Extension.swift */,
				28BC2C192815603C00E69BE0 /* UIImage+Extension.swift */,
				281358F4281E7BE2000B0CAE /* UIColor+Extension.swift */,
				28C998652824A93C00E3B4C0 /* UIView+Extension.swift */,
			);
			path = Extension;
			sourceTree = "<group>";
		};
		288367AC28012A450010CEAD /* StudyGoal */ = {
			isa = PBXGroup;
			children = (
				28D79FE4281A85A600505B5B /* Rank */,
				28AF15B828040E3C004E97B8 /* PlanStudyGoal */,
				288367AA28012A2F0010CEAD /* StudyGoalViewController.swift */,
				28AF15B92804EDFF004E97B8 /* CalendarViewController.swift */,
			);
			path = StudyGoal;
			sourceTree = "<group>";
		};
		288367AF2801396D0010CEAD /* StudyGoal */ = {
			isa = PBXGroup;
			children = (
				28AF15AF2804090D004E97B8 /* PlanStudyGoal */,
				28AF15AB2804033B004E97B8 /* StudyGoalTableViewCell.swift */,
				28AF15AC2804033B004E97B8 /* StudyGoalTableViewCell.xib */,
				28AF15B028040948004E97B8 /* StudyGoalHeaderView.swift */,
				28AF15B228040954004E97B8 /* StudyGoalHeaderView.xib */,
				28AF15B428040A82004E97B8 /* StudyGoalFooterView.swift */,
				28AF15B628040A8E004E97B8 /* StudyGoalFooterView.xib */,
			);
			path = StudyGoal;
			sourceTree = "<group>";
		};
		28AF15AF2804090D004E97B8 /* PlanStudyGoal */ = {
			isa = PBXGroup;
			children = (
				288367B628013E900010CEAD /* PlanStudyGoalHeaderView.swift */,
				288367B428013E800010CEAD /* PlanStudyGoalHeaderView.xib */,
				285F3F4828018ED400E84CF2 /* CategoryTableViewCell.swift */,
				285F3F4928018ED400E84CF2 /* CategoryTableViewCell.xib */,
				28754AC82803079A0079F430 /* StudyItemTableViewCell.swift */,
				28754AC92803079A0079F430 /* StudyItemTableViewCell.xib */,
			);
			path = PlanStudyGoal;
			sourceTree = "<group>";
		};
		28AF15B828040E3C004E97B8 /* PlanStudyGoal */ = {
			isa = PBXGroup;
			children = (
				288367AD280134280010CEAD /* PlanStudyGoalViewController.swift */,
				285F3F3F2801586200E84CF2 /* SelectCalendarViewController.swift */,
				285F3F4228017AEF00E84CF2 /* SelectCategoryViewController.swift */,
				28D702C02802B41B00FE9AEA /* SelectStudyItemViewController.swift */,
			);
			path = PlanStudyGoal;
			sourceTree = "<group>";
		};
		28BB6EE428066418002B0458 /* Forum */ = {
			isa = PBXGroup;
			children = (
				28BB6F3E280A9157002B0458 /* ArticleDetail */,
				28BB6EF92807B1D4002B0458 /* PublishArticle */,
				28BB6EFD2807C86C002B0458 /* ArticleTableViewCell.swift */,
				28BB6EFE2807C86C002B0458 /* ArticleTableViewCell.xib */,
				28BB6F2D28096C40002B0458 /* MoreArticlesTableViewCell.swift */,
				28BB6F2E28096C40002B0458 /* MoreArticlesTableViewCell.xib */,
			);
			path = Forum;
			sourceTree = "<group>";
		};
		28BB6EE72806661F002B0458 /* Forum */ = {
			isa = PBXGroup;
			children = (
				28BB6EE828066639002B0458 /* ForumViewController.swift */,
				28BB6EEA28066926002B0458 /* PublishForumArticleViewController.swift */,
				28BB6F2B28096AAA002B0458 /* MoreArticlesViewController.swift */,
				28BB6F3128098BC6002B0458 /* ArticleDetailViewController.swift */,
				28BB6F43280AA722002B0458 /* ArticleMessageViewController.swift */,
			);
			path = Forum;
			sourceTree = "<group>";
		};
		28BB6EF4280690C8002B0458 /* Forum */ = {
			isa = PBXGroup;
			children = (
				28BB6EF5280690EB002B0458 /* ForumArticleManager.swift */,
				28BB6EF728069111002B0458 /* ForumArticle.swift */,
				28BB6EFB2807C25C002B0458 /* UploadImageManager.swift */,
			);
			path = Forum;
			sourceTree = "<group>";
		};
		28BB6EF92807B1D4002B0458 /* PublishArticle */ = {
			isa = PBXGroup;
			children = (
				28BB6EEC28066FC1002B0458 /* PublishArticleTableViewCell.swift */,
				28BB6EED28066FC1002B0458 /* PublishArticleTableViewCell.xib */,
			);
			path = PublishArticle;
			sourceTree = "<group>";
		};
		28BB6F3E280A9157002B0458 /* ArticleDetail */ = {
			isa = PBXGroup;
			children = (
				28BB6F3728098CC1002B0458 /* ArticleDetailHeaderView.swift */,
				28BB6F3928098CCD002B0458 /* ArticleDetailHeaderView.xib */,
				28BB6F3F280A919C002B0458 /* ArticleDetailTableViewCell.swift */,
				28BB6F40280A919C002B0458 /* ArticleDetailTableViewCell.xib */,
				28A6F45A280ADAAF00EFCC2C /* ArticleMessageHeaderView.swift */,
				28A6F45D280ADAC900EFCC2C /* ArticleMessageHeaderView.xib */,
				28A6F463280AED1600EFCC2C /* ArticleMessageTableViewCell.swift */,
				28A6F464280AED1600EFCC2C /* ArticleMessageTableViewCell.xib */,
			);
			path = ArticleDetail;
			sourceTree = "<group>";
		};
		28BC2C1E2816861600E69BE0 /* Authentication */ = {
			isa = PBXGroup;
			children = (
				28BC2C1F2816864600E69BE0 /* AuthenticationViewController.swift */,
				2803AD212817F30F00AF3AD3 /* SignInViewController.swift */,
			);
			path = Authentication;
			sourceTree = "<group>";
		};
		28C9985C2823835000E3B4C0 /* ShareToFriend */ = {
			isa = PBXGroup;
			children = (
				28C9985D2823839A00E3B4C0 /* ShareReceiveTableViewCell.swift */,
				28C9985E2823839A00E3B4C0 /* ShareReceiveTableViewCell.xib */,
				28C99861282383A900E3B4C0 /* ShareSendTableViewCell.swift */,
				28C99862282383A900E3B4C0 /* ShareSendTableViewCell.xib */,
			);
			path = ShareToFriend;
			sourceTree = "<group>";
		};
		28CE2D3227FECBF400ACA813 = {
			isa = PBXGroup;
			children = (
				28CE2D3D27FECBF400ACA813 /* Growing-Traveler */,
				28CE2D3C27FECBF400ACA813 /* Products */,
				0054609D10F3AA20D5FD8BE3 /* Pods */,
				53CE560C6C7735E585252070 /* Frameworks */,
			);
			sourceTree = "<group>";
		};
		28CE2D3C27FECBF400ACA813 /* Products */ = {
			isa = PBXGroup;
			children = (
				28CE2D3B27FECBF400ACA813 /* Growing-Traveler.app */,
			);
			name = Products;
			sourceTree = "<group>";
		};
		28CE2D3D27FECBF400ACA813 /* Growing-Traveler */ = {
			isa = PBXGroup;
			children = (
				28BC2C212816867F00E69BE0 /* Growing-Traveler.entitlements */,
				28DA83412812AF7A0081CB14 /* LottieFiles */,
				288367A5280125750010CEAD /* Extension */,
				288367A4280125230010CEAD /* Model */,
				288367A32801251C0010CEAD /* View */,
				288367A22801250F0010CEAD /* Controller */,
				28CE2D3E27FECBF400ACA813 /* AppDelegate.swift */,
				28CE2D4027FECBF400ACA813 /* SceneDelegate.swift */,
				28CE2D4727FECBF500ACA813 /* Assets.xcassets */,
				283E6582281797F300F1033F /* GoogleService-Info.plist */,
				28CE2D4C27FECBF500ACA813 /* Info.plist */,
			);
			path = "Growing-Traveler";
			sourceTree = "<group>";
		};
		28D702BB28019CB300FE9AEA /* StudyGoal */ = {
			isa = PBXGroup;
			children = (
				28D702BC28019D0C00FE9AEA /* CategoryManager.swift */,
				28D702BE28019E0300FE9AEA /* Category.swift */,
				28754AC6280305370079F430 /* StudyGoal.swift */,
				28F7C971280347F200BE4C76 /* StudyGoalManager.swift */,
			);
			path = StudyGoal;
			sourceTree = "<group>";
		};
		28D79FE4281A85A600505B5B /* Rank */ = {
			isa = PBXGroup;
			children = (
				28D79FEA281A869D00505B5B /* RankViewController.swift */,
			);
			path = Rank;
			sourceTree = "<group>";
		};
		28D79FE5281A85B900505B5B /* Rank */ = {
			isa = PBXGroup;
			children = (
				28D79FF0281A8BDE00505B5B /* RankTableViewCell.swift */,
				28D79FF1281A8BDE00505B5B /* RankTableViewCell.xib */,
			);
			path = Rank;
			sourceTree = "<group>";
		};
		28D79FE8281A865700505B5B /* Setting */ = {
			isa = PBXGroup;
			children = (
				283E65842817CD6300F1033F /* ProfileSettingViewController.swift */,
			);
			path = Setting;
			sourceTree = "<group>";
		};
		28D79FE9281A867600505B5B /* Mandate */ = {
			isa = PBXGroup;
			children = (
				28DA833A28129CFF0081CB14 /* MandateViewController.swift */,
			);
			path = Mandate;
			sourceTree = "<group>";
		};
		28D79FF4281AC0C600505B5B /* ReleaseRecord */ = {
			isa = PBXGroup;
			children = (
				281358D1281AC24A000B0CAE /* ReleaseRecordViewController.swift */,
			);
			path = ReleaseRecord;
			sourceTree = "<group>";
		};
		28DA8329281272240081CB14 /* Profile */ = {
			isa = PBXGroup;
			children = (
				2808C910280FEC6800DC1EC5 /* Analysis */,
				281358D4281BBCF7000B0CAE /* Certification */,
				28D79FF4281AC0C600505B5B /* ReleaseRecord */,
				28D79FE9281A867600505B5B /* Mandate */,
				28D79FE8281A865700505B5B /* Setting */,
				28DA832E281272770081CB14 /* ProfileViewController.swift */,
			);
			path = Profile;
			sourceTree = "<group>";
		};
		28DA832A281272390081CB14 /* Profile */ = {
			isa = PBXGroup;
			children = (
				2808C90E280FEC2B00DC1EC5 /* Analysis */,
				281358D7281BC8D3000B0CAE /* Certification */,
				28D79FE5281A85B900505B5B /* Rank */,
				283E65862817D17700F1033F /* Setting */,
				28DA833C2812AB420081CB14 /* Mandate */,
				28DA83302812744F0081CB14 /* ProfileView.xib */,
				28DA8334281274E30081CB14 /* ProfileView.swift */,
				28DA833628127AEE0081CB14 /* FeatureCollectionViewCell.swift */,
				28DA833728127AEE0081CB14 /* FeatureCollectionViewCell.xib */,
			);
			path = Profile;
			sourceTree = "<group>";
		};
		28DA833C2812AB420081CB14 /* Mandate */ = {
			isa = PBXGroup;
			children = (
				28DA833D2812AB940081CB14 /* MandateTableViewCell.swift */,
				28DA833E2812AB940081CB14 /* MandateTableViewCell.xib */,
			);
			path = Mandate;
			sourceTree = "<group>";
		};
		28DA83412812AF7A0081CB14 /* LottieFiles */ = {
			isa = PBXGroup;
			children = (
				281358F1281E790E000B0CAE /* Growth-Animation.json */,
				281358ED281E6B72000B0CAE /* Vision.json */,
				28DA83422812AF950081CB14 /* 93125-progress-bar.json */,
			);
			path = LottieFiles;
			sourceTree = "<group>";
		};
		28DA83462813CF3D0081CB14 /* Mandate */ = {
			isa = PBXGroup;
			children = (
				28FF433C2813D08E00C58E6B /* Mandate.swift */,
				28FF433E2813D12200C58E6B /* MandateManager.swift */,
			);
			path = Mandate;
			sourceTree = "<group>";
		};
		53CE560C6C7735E585252070 /* Frameworks */ = {
			isa = PBXGroup;
			children = (
				D6535E9AD2C3D2FC32302DD1 /* Pods_Growing_Traveler.framework */,
			);
			name = Frameworks;
			sourceTree = "<group>";
		};
/* End PBXGroup section */

/* Begin PBXNativeTarget section */
		28CE2D3A27FECBF400ACA813 /* Growing-Traveler */ = {
			isa = PBXNativeTarget;
			buildConfigurationList = 28CE2D4F27FECBF500ACA813 /* Build configuration list for PBXNativeTarget "Growing-Traveler" */;
			buildPhases = (
				69AC68648D4AB83E6666AD1F /* [CP] Check Pods Manifest.lock */,
				28CE2D3727FECBF400ACA813 /* Sources */,
				28CE2D3827FECBF400ACA813 /* Frameworks */,
				28CE2D3927FECBF400ACA813 /* Resources */,
				7AADBE0DB1F89970C41D7F4C /* [CP] Embed Pods Frameworks */,
				285F3F412801756000E84CF2 /* SwiftLint */,
			);
			buildRules = (
			);
			dependencies = (
			);
			name = "Growing-Traveler";
			productName = "Growing-Traveler";
			productReference = 28CE2D3B27FECBF400ACA813 /* Growing-Traveler.app */;
			productType = "com.apple.product-type.application";
		};
/* End PBXNativeTarget section */

/* Begin PBXProject section */
		28CE2D3327FECBF400ACA813 /* Project object */ = {
			isa = PBXProject;
			attributes = {
				BuildIndependentTargetsInParallel = 1;
				LastSwiftUpdateCheck = 1330;
				LastUpgradeCheck = 1330;
				TargetAttributes = {
					28CE2D3A27FECBF400ACA813 = {
						CreatedOnToolsVersion = 13.3;
					};
				};
			};
			buildConfigurationList = 28CE2D3627FECBF400ACA813 /* Build configuration list for PBXProject "Growing-Traveler" */;
			compatibilityVersion = "Xcode 13.0";
			developmentRegion = en;
			hasScannedForEncodings = 0;
			knownRegions = (
				en,
				Base,
			);
			mainGroup = 28CE2D3227FECBF400ACA813;
			productRefGroup = 28CE2D3C27FECBF400ACA813 /* Products */;
			projectDirPath = "";
			projectRoot = "";
			targets = (
				28CE2D3A27FECBF400ACA813 /* Growing-Traveler */,
			);
		};
/* End PBXProject section */

/* Begin PBXResourcesBuildPhase section */
		28CE2D3927FECBF400ACA813 /* Resources */ = {
			isa = PBXResourcesBuildPhase;
			buildActionMask = 2147483647;
			files = (
				28A6F466280AED1600EFCC2C /* ArticleMessageTableViewCell.xib in Resources */,
				28BB6EE628066441002B0458 /* Forum.storyboard in Resources */,
				28AF15AE2804033B004E97B8 /* StudyGoalTableViewCell.xib in Resources */,
				28BC2C1D2816860000E69BE0 /* Authentication.storyboard in Resources */,
				28AF15B728040A8E004E97B8 /* StudyGoalFooterView.xib in Resources */,
				2808C92B281131C700DC1EC5 /* AnalysisPieChartTableViewCell.xib in Resources */,
				28CE2D4B27FECBF500ACA813 /* LaunchScreen.storyboard in Resources */,
				28BB6EEF28066FC1002B0458 /* PublishArticleTableViewCell.xib in Resources */,
				283E658A2817D19C00F1033F /* SettingImageTableViewCell.xib in Resources */,
				28DA83432812AF950081CB14 /* 93125-progress-bar.json in Resources */,
				28D79FDD2817F53D00505B5B /* SignInTableViewCell.xib in Resources */,
				281358EE281E6B72000B0CAE /* Vision.json in Resources */,
				28BB6F42280A919C002B0458 /* ArticleDetailTableViewCell.xib in Resources */,
				288367B528013E800010CEAD /* PlanStudyGoalHeaderView.xib in Resources */,
				28CE2D4827FECBF500ACA813 /* Assets.xcassets in Resources */,
				28C998602823839A00E3B4C0 /* ShareReceiveTableViewCell.xib in Resources */,
				281358DB281BC8F6000B0CAE /* CertificationTableViewCell.xib in Resources */,
				281358E6281C2D2A000B0CAE /* NoteTableViewCell.xib in Resources */,
				28AF15B328040954004E97B8 /* StudyGoalHeaderView.xib in Resources */,
				28A6F45E280ADAC900EFCC2C /* ArticleMessageHeaderView.xib in Resources */,
				285F3F4B28018ED400E84CF2 /* CategoryTableViewCell.xib in Resources */,
				28BB6F002807C86C002B0458 /* ArticleTableViewCell.xib in Resources */,
				280C1B16280E58BB0091B9DC /* ReceiveMessageTableViewCell.xib in Resources */,
				2808C92228103B1E00DC1EC5 /* AnalysisBarChatTableViewCell.xib in Resources */,
				2808C912280FEC7600DC1EC5 /* Note.storyboard in Resources */,
				283E6583281797F300F1033F /* GoogleService-Info.plist in Resources */,
				28C99864282383A900E3B4C0 /* ShareSendTableViewCell.xib in Resources */,
				28BB6F3028096C40002B0458 /* MoreArticlesTableViewCell.xib in Resources */,
				28DA83312812744F0081CB14 /* ProfileView.xib in Resources */,
				28CE2D4627FECBF400ACA813 /* Main.storyboard in Resources */,
				28D79FE12817F56100505B5B /* SignUpTableViewCell.xib in Resources */,
				280C1B1A280E58C70091B9DC /* SendMessageTableViewCell.xib in Resources */,
				28D79FF3281A8BDE00505B5B /* RankTableViewCell.xib in Resources */,
				280C1B0B280D78B90091B9DC /* FriendListTableViewCell.xib in Resources */,
				281358F2281E790E000B0CAE /* Growth-Animation.json in Resources */,
				2808C927281131A400DC1EC5 /* AnalysisContentTableViewCell.xib in Resources */,
				28754ACB2803079A0079F430 /* StudyItemTableViewCell.xib in Resources */,
				28BB6F3A28098CCD002B0458 /* ArticleDetailHeaderView.xib in Resources */,
				28DA83402812AB940081CB14 /* MandateTableViewCell.xib in Resources */,
				283E658E2817D8A700F1033F /* SettingContentTableViewCell.xib in Resources */,
				283E65922817DF2300F1033F /* SettingSignTableViewCell.xib in Resources */,
				280C1AFC280D5D7C0091B9DC /* Chat.storyboard in Resources */,
				28DA832D281272560081CB14 /* Profile.storyboard in Resources */,
				288367A9280129F30010CEAD /* StudyGoal.storyboard in Resources */,
				28DA833928127AEE0081CB14 /* FeatureCollectionViewCell.xib in Resources */,
			);
			runOnlyForDeploymentPostprocessing = 0;
		};
/* End PBXResourcesBuildPhase section */

/* Begin PBXShellScriptBuildPhase section */
		285F3F412801756000E84CF2 /* SwiftLint */ = {
			isa = PBXShellScriptBuildPhase;
			buildActionMask = 2147483647;
			files = (
			);
			inputFileListPaths = (
			);
			inputPaths = (
			);
			name = SwiftLint;
			outputFileListPaths = (
			);
			outputPaths = (
			);
			runOnlyForDeploymentPostprocessing = 0;
			shellPath = /bin/sh;
			shellScript = "\"${PODS_ROOT}/SwiftLint/swiftlint\"\n";
		};
		69AC68648D4AB83E6666AD1F /* [CP] Check Pods Manifest.lock */ = {
			isa = PBXShellScriptBuildPhase;
			buildActionMask = 2147483647;
			files = (
			);
			inputFileListPaths = (
			);
			inputPaths = (
				"${PODS_PODFILE_DIR_PATH}/Podfile.lock",
				"${PODS_ROOT}/Manifest.lock",
			);
			name = "[CP] Check Pods Manifest.lock";
			outputFileListPaths = (
			);
			outputPaths = (
				"$(DERIVED_FILE_DIR)/Pods-Growing-Traveler-checkManifestLockResult.txt",
			);
			runOnlyForDeploymentPostprocessing = 0;
			shellPath = /bin/sh;
			shellScript = "diff \"${PODS_PODFILE_DIR_PATH}/Podfile.lock\" \"${PODS_ROOT}/Manifest.lock\" > /dev/null\nif [ $? != 0 ] ; then\n    # print error to STDERR\n    echo \"error: The sandbox is not in sync with the Podfile.lock. Run 'pod install' or update your CocoaPods installation.\" >&2\n    exit 1\nfi\n# This output is used by Xcode 'outputs' to avoid re-running this script phase.\necho \"SUCCESS\" > \"${SCRIPT_OUTPUT_FILE_0}\"\n";
			showEnvVarsInLog = 0;
		};
		7AADBE0DB1F89970C41D7F4C /* [CP] Embed Pods Frameworks */ = {
			isa = PBXShellScriptBuildPhase;
			buildActionMask = 12;
			files = (
			);
			inputFileListPaths = (
				"${PODS_ROOT}/Target Support Files/Pods-Growing-Traveler/Pods-Growing-Traveler-frameworks-${CONFIGURATION}-input-files.xcfilelist",
			);
			name = "[CP] Embed Pods Frameworks";
			outputFileListPaths = (
				"${PODS_ROOT}/Target Support Files/Pods-Growing-Traveler/Pods-Growing-Traveler-frameworks-${CONFIGURATION}-output-files.xcfilelist",
			);
			runOnlyForDeploymentPostprocessing = 0;
			shellPath = /bin/sh;
			shellScript = "\"${PODS_ROOT}/Target Support Files/Pods-Growing-Traveler/Pods-Growing-Traveler-frameworks.sh\"\n";
			showEnvVarsInLog = 0;
		};
/* End PBXShellScriptBuildPhase section */

/* Begin PBXSourcesBuildPhase section */
		28CE2D3727FECBF400ACA813 /* Sources */ = {
			isa = PBXSourcesBuildPhase;
			buildActionMask = 2147483647;
			files = (
				28DA833F2812AB940081CB14 /* MandateTableViewCell.swift in Sources */,
				28D702C12802B41B00FE9AEA /* SelectStudyItemViewController.swift in Sources */,
				28CE2D4327FECBF400ACA813 /* TabBarViewController.swift in Sources */,
				28BB6EEE28066FC1002B0458 /* PublishArticleTableViewCell.swift in Sources */,
				28D79FF2281A8BDE00505B5B /* RankTableViewCell.swift in Sources */,
				282522CC280F02B50008B916 /* ConfirmApplyViewController.swift in Sources */,
				283E658D2817D8A700F1033F /* SettingContentTableViewCell.swift in Sources */,
				28BB6F3228098BC6002B0458 /* ArticleDetailViewController.swift in Sources */,
				282522C0280ED53A0008B916 /* ApplyFriendViewController.swift in Sources */,
				2803AD222817F30F00AF3AD3 /* SignInViewController.swift in Sources */,
				28CE2D3F27FECBF400ACA813 /* AppDelegate.swift in Sources */,
				281358DA281BC8F6000B0CAE /* CertificationTableViewCell.swift in Sources */,
				28C9985F2823839A00E3B4C0 /* ShareReceiveTableViewCell.swift in Sources */,
				28BB6F44280AA722002B0458 /* ArticleMessageViewController.swift in Sources */,
				28BC2C1A2815603C00E69BE0 /* UIImage+Extension.swift in Sources */,
				2857035E281197FC00849FAA /* Double+Extension.swift in Sources */,
				28A6F465280AED1600EFCC2C /* ArticleMessageTableViewCell.swift in Sources */,
				282522DB280FE5520008B916 /* KeyToken.swift in Sources */,
				281358EA281D11BA000B0CAE /* NoteDetailViewController.swift in Sources */,
				28D79FDC2817F53D00505B5B /* SignInTableViewCell.swift in Sources */,
				28BB6F2F28096C40002B0458 /* MoreArticlesTableViewCell.swift in Sources */,
				283E65892817D19C00F1033F /* SettingImageTableViewCell.swift in Sources */,
				285F3F402801586200E84CF2 /* SelectCalendarViewController.swift in Sources */,
				281358DD281BD0D5000B0CAE /* PublishCertificationViewController.swift in Sources */,
				2808C91A28100F6000DC1EC5 /* CalculateBar.swift in Sources */,
				28BB6EF828069112002B0458 /* ForumArticle.swift in Sources */,
				280C1B06280D77900091B9DC /* ChatViewController.swift in Sources */,
				28BB6EF6280690EB002B0458 /* ForumArticleManager.swift in Sources */,
				28BB6F2C28096AAA002B0458 /* MoreArticlesViewController.swift in Sources */,
				281358E5281C2D2A000B0CAE /* NoteTableViewCell.swift in Sources */,
				2808C92128103B1E00DC1EC5 /* AnalysisBarChatTableViewCell.swift in Sources */,
				281358E8281C31AB000B0CAE /* PublishNoteViewController.swift in Sources */,
				28DA8335281274E30081CB14 /* ProfileView.swift in Sources */,
				281358D6281BBD4B000B0CAE /* CertificationViewController.swift in Sources */,
				28AF15AD2804033B004E97B8 /* StudyGoalTableViewCell.swift in Sources */,
				280C1AFF280D680A0091B9DC /* Chat.swift in Sources */,
				28DA832F281272770081CB14 /* ProfileViewController.swift in Sources */,
				28DA833B28129CFF0081CB14 /* MandateViewController.swift in Sources */,
				28AF15B128040948004E97B8 /* StudyGoalHeaderView.swift in Sources */,
				28D79FE02817F56100505B5B /* SignUpTableViewCell.swift in Sources */,
				281358F5281E7BE2000B0CAE /* UIColor+Extension.swift in Sources */,
				288367A7280126FE0010CEAD /* UIStoryboard+Extension.swift in Sources */,
				280C1B01280D772E0091B9DC /* ChatRoomManager.swift in Sources */,
				28DA8333281274BF0081CB14 /* NibOwnerLoadable.swift in Sources */,
				28CE2D4127FECBF400ACA813 /* SceneDelegate.swift in Sources */,
				281358EC281D4DEF000B0CAE /* ErrorManager.swift in Sources */,
				28D702BD28019D0C00FE9AEA /* CategoryManager.swift in Sources */,
				283E65852817CD6300F1033F /* ProfileSettingViewController.swift in Sources */,
				282522C5280ED6590008B916 /* BlockadeFriendViewController.swift in Sources */,
				281358E2281C2C53000B0CAE /* NoteViewController.swift in Sources */,
				2808C92A281131C700DC1EC5 /* AnalysisPieChartTableViewCell.swift in Sources */,
				283E65912817DF2300F1033F /* SettingSignTableViewCell.swift in Sources */,
				283D2C3E2803E63C004D19E4 /* BaseViewController.swift in Sources */,
				285F3F4A28018ED400E84CF2 /* CategoryTableViewCell.swift in Sources */,
				280C1B0A280D78B90091B9DC /* FriendListTableViewCell.swift in Sources */,
				280C1B10280E42780091B9DC /* UserInfo.swift in Sources */,
				28BB6EEB28066926002B0458 /* PublishForumArticleViewController.swift in Sources */,
				28F7C972280347F200BE4C76 /* StudyGoalManager.swift in Sources */,
				2808C918280FF2B700DC1EC5 /* AnalysisManager.swift in Sources */,
				28BB6EFF2807C86C002B0458 /* ArticleTableViewCell.swift in Sources */,
				280C1B12280E42FC0091B9DC /* FriendManager.swift in Sources */,
				2857035A2811856A00849FAA /* UserManager.swift in Sources */,
				28A6F45B280ADAAF00EFCC2C /* ArticleMessageHeaderView.swift in Sources */,
				28BB6EE928066639002B0458 /* ForumViewController.swift in Sources */,
				280C1B15280E58BB0091B9DC /* ReceiveMessageTableViewCell.swift in Sources */,
				28BB6EFC2807C25C002B0458 /* UploadImageManager.swift in Sources */,
				28DA833828127AEE0081CB14 /* FeatureCollectionViewCell.swift in Sources */,
				288367AE280134280010CEAD /* PlanStudyGoalViewController.swift in Sources */,
				28D79FE328182C3100505B5B /* DeleteUserManager.swift in Sources */,
				28FF433F2813D12200C58E6B /* MandateManager.swift in Sources */,
				288367AB28012A2F0010CEAD /* StudyGoalViewController.swift in Sources */,
				28BC2C202816864600E69BE0 /* AuthenticationViewController.swift in Sources */,
				289679F6282226F6008A15F0 /* UserInfoViewController.swift in Sources */,
				28BB6F3828098CC1002B0458 /* ArticleDetailHeaderView.swift in Sources */,
				28BB6F41280A919C002B0458 /* ArticleDetailTableViewCell.swift in Sources */,
				281358D2281AC24A000B0CAE /* ReleaseRecordViewController.swift in Sources */,
				285F3F4328017AEF00E84CF2 /* SelectCategoryViewController.swift in Sources */,
				28C99863282383A900E3B4C0 /* ShareSendTableViewCell.swift in Sources */,
				28FF433D2813D08E00C58E6B /* Mandate.swift in Sources */,
				28BB6F042807EC75002B0458 /* UIImageView+Extension.swift in Sources */,
				280C1B04280D77770091B9DC /* FriendViewController.swift in Sources */,
				28754ACA2803079A0079F430 /* StudyItemTableViewCell.swift in Sources */,
				288367B728013E900010CEAD /* PlanStudyGoalHeaderView.swift in Sources */,
				28754AC7280305370079F430 /* StudyGoal.swift in Sources */,
				2808C914280FECA800DC1EC5 /* AnalysisViewController.swift in Sources */,
				28AF15BA2804EDFF004E97B8 /* CalendarViewController.swift in Sources */,
				2808C926281131A400DC1EC5 /* AnalysisContentTableViewCell.swift in Sources */,
				28AF15B528040A82004E97B8 /* StudyGoalFooterView.swift in Sources */,
				28C998662824A93C00E3B4C0 /* UIView+Extension.swift in Sources */,
				28D702BF28019E0300FE9AEA /* Category.swift in Sources */,
				28C9985B28236C8500E3B4C0 /* ShareToFriendViewController.swift in Sources */,
				280C1B0E280E424C0091B9DC /* Friend.swift in Sources */,
				28D79FEB281A869D00505B5B /* RankViewController.swift in Sources */,
				2857035C28118F8D00849FAA /* Feedback.swift in Sources */,
				280C1B19280E58C70091B9DC /* SendMessageTableViewCell.swift in Sources */,
			);
			runOnlyForDeploymentPostprocessing = 0;
		};
/* End PBXSourcesBuildPhase section */

/* Begin PBXVariantGroup section */
		28CE2D4427FECBF400ACA813 /* Main.storyboard */ = {
			isa = PBXVariantGroup;
			children = (
				28CE2D4527FECBF400ACA813 /* Base */,
			);
			name = Main.storyboard;
			sourceTree = "<group>";
		};
		28CE2D4927FECBF500ACA813 /* LaunchScreen.storyboard */ = {
			isa = PBXVariantGroup;
			children = (
				28CE2D4A27FECBF500ACA813 /* Base */,
			);
			name = LaunchScreen.storyboard;
			sourceTree = "<group>";
		};
/* End PBXVariantGroup section */

/* Begin XCBuildConfiguration section */
		28CE2D4D27FECBF500ACA813 /* Debug */ = {
			isa = XCBuildConfiguration;
			buildSettings = {
				ALWAYS_SEARCH_USER_PATHS = NO;
				CLANG_ANALYZER_NONNULL = YES;
				CLANG_ANALYZER_NUMBER_OBJECT_CONVERSION = YES_AGGRESSIVE;
				CLANG_CXX_LANGUAGE_STANDARD = "gnu++17";
				CLANG_ENABLE_MODULES = YES;
				CLANG_ENABLE_OBJC_ARC = YES;
				CLANG_ENABLE_OBJC_WEAK = YES;
				CLANG_WARN_BLOCK_CAPTURE_AUTORELEASING = YES;
				CLANG_WARN_BOOL_CONVERSION = YES;
				CLANG_WARN_COMMA = YES;
				CLANG_WARN_CONSTANT_CONVERSION = YES;
				CLANG_WARN_DEPRECATED_OBJC_IMPLEMENTATIONS = YES;
				CLANG_WARN_DIRECT_OBJC_ISA_USAGE = YES_ERROR;
				CLANG_WARN_DOCUMENTATION_COMMENTS = YES;
				CLANG_WARN_EMPTY_BODY = YES;
				CLANG_WARN_ENUM_CONVERSION = YES;
				CLANG_WARN_INFINITE_RECURSION = YES;
				CLANG_WARN_INT_CONVERSION = YES;
				CLANG_WARN_NON_LITERAL_NULL_CONVERSION = YES;
				CLANG_WARN_OBJC_IMPLICIT_RETAIN_SELF = YES;
				CLANG_WARN_OBJC_LITERAL_CONVERSION = YES;
				CLANG_WARN_OBJC_ROOT_CLASS = YES_ERROR;
				CLANG_WARN_QUOTED_INCLUDE_IN_FRAMEWORK_HEADER = YES;
				CLANG_WARN_RANGE_LOOP_ANALYSIS = YES;
				CLANG_WARN_STRICT_PROTOTYPES = YES;
				CLANG_WARN_SUSPICIOUS_MOVE = YES;
				CLANG_WARN_UNGUARDED_AVAILABILITY = YES_AGGRESSIVE;
				CLANG_WARN_UNREACHABLE_CODE = YES;
				CLANG_WARN__DUPLICATE_METHOD_MATCH = YES;
				COPY_PHASE_STRIP = NO;
				DEBUG_INFORMATION_FORMAT = dwarf;
				ENABLE_STRICT_OBJC_MSGSEND = YES;
				ENABLE_TESTABILITY = YES;
				"EXCLUDED_ARCHS[sdk=iphonesimulator*]" = arm64;
				GCC_C_LANGUAGE_STANDARD = gnu11;
				GCC_DYNAMIC_NO_PIC = NO;
				GCC_NO_COMMON_BLOCKS = YES;
				GCC_OPTIMIZATION_LEVEL = 0;
				GCC_PREPROCESSOR_DEFINITIONS = (
					"DEBUG=1",
					"$(inherited)",
				);
				GCC_WARN_64_TO_32_BIT_CONVERSION = YES;
				GCC_WARN_ABOUT_RETURN_TYPE = YES_ERROR;
				GCC_WARN_UNDECLARED_SELECTOR = YES;
				GCC_WARN_UNINITIALIZED_AUTOS = YES_AGGRESSIVE;
				GCC_WARN_UNUSED_FUNCTION = YES;
				GCC_WARN_UNUSED_VARIABLE = YES;
				IPHONEOS_DEPLOYMENT_TARGET = 14.0;
				MTL_ENABLE_DEBUG_INFO = INCLUDE_SOURCE;
				MTL_FAST_MATH = YES;
				ONLY_ACTIVE_ARCH = YES;
				SDKROOT = iphoneos;
				SWIFT_ACTIVE_COMPILATION_CONDITIONS = DEBUG;
				SWIFT_OPTIMIZATION_LEVEL = "-Onone";
			};
			name = Debug;
		};
		28CE2D4E27FECBF500ACA813 /* Release */ = {
			isa = XCBuildConfiguration;
			buildSettings = {
				ALWAYS_SEARCH_USER_PATHS = NO;
				CLANG_ANALYZER_NONNULL = YES;
				CLANG_ANALYZER_NUMBER_OBJECT_CONVERSION = YES_AGGRESSIVE;
				CLANG_CXX_LANGUAGE_STANDARD = "gnu++17";
				CLANG_ENABLE_MODULES = YES;
				CLANG_ENABLE_OBJC_ARC = YES;
				CLANG_ENABLE_OBJC_WEAK = YES;
				CLANG_WARN_BLOCK_CAPTURE_AUTORELEASING = YES;
				CLANG_WARN_BOOL_CONVERSION = YES;
				CLANG_WARN_COMMA = YES;
				CLANG_WARN_CONSTANT_CONVERSION = YES;
				CLANG_WARN_DEPRECATED_OBJC_IMPLEMENTATIONS = YES;
				CLANG_WARN_DIRECT_OBJC_ISA_USAGE = YES_ERROR;
				CLANG_WARN_DOCUMENTATION_COMMENTS = YES;
				CLANG_WARN_EMPTY_BODY = YES;
				CLANG_WARN_ENUM_CONVERSION = YES;
				CLANG_WARN_INFINITE_RECURSION = YES;
				CLANG_WARN_INT_CONVERSION = YES;
				CLANG_WARN_NON_LITERAL_NULL_CONVERSION = YES;
				CLANG_WARN_OBJC_IMPLICIT_RETAIN_SELF = YES;
				CLANG_WARN_OBJC_LITERAL_CONVERSION = YES;
				CLANG_WARN_OBJC_ROOT_CLASS = YES_ERROR;
				CLANG_WARN_QUOTED_INCLUDE_IN_FRAMEWORK_HEADER = YES;
				CLANG_WARN_RANGE_LOOP_ANALYSIS = YES;
				CLANG_WARN_STRICT_PROTOTYPES = YES;
				CLANG_WARN_SUSPICIOUS_MOVE = YES;
				CLANG_WARN_UNGUARDED_AVAILABILITY = YES_AGGRESSIVE;
				CLANG_WARN_UNREACHABLE_CODE = YES;
				CLANG_WARN__DUPLICATE_METHOD_MATCH = YES;
				COPY_PHASE_STRIP = NO;
				DEBUG_INFORMATION_FORMAT = "dwarf-with-dsym";
				ENABLE_NS_ASSERTIONS = NO;
				ENABLE_STRICT_OBJC_MSGSEND = YES;
				GCC_C_LANGUAGE_STANDARD = gnu11;
				GCC_NO_COMMON_BLOCKS = YES;
				GCC_WARN_64_TO_32_BIT_CONVERSION = YES;
				GCC_WARN_ABOUT_RETURN_TYPE = YES_ERROR;
				GCC_WARN_UNDECLARED_SELECTOR = YES;
				GCC_WARN_UNINITIALIZED_AUTOS = YES_AGGRESSIVE;
				GCC_WARN_UNUSED_FUNCTION = YES;
				GCC_WARN_UNUSED_VARIABLE = YES;
				IPHONEOS_DEPLOYMENT_TARGET = 14.0;
				MTL_ENABLE_DEBUG_INFO = NO;
				MTL_FAST_MATH = YES;
				SDKROOT = iphoneos;
				SWIFT_COMPILATION_MODE = wholemodule;
				SWIFT_OPTIMIZATION_LEVEL = "-O";
				VALIDATE_PRODUCT = YES;
			};
			name = Release;
		};
		28CE2D5027FECBF500ACA813 /* Debug */ = {
			isa = XCBuildConfiguration;
			baseConfigurationReference = A54E3632DB38C498B42C6229 /* Pods-Growing-Traveler.debug.xcconfig */;
			buildSettings = {
				ASSETCATALOG_COMPILER_APPICON_NAME = AppIcon;
				ASSETCATALOG_COMPILER_GLOBAL_ACCENT_COLOR_NAME = AccentColor;
				CODE_SIGN_ENTITLEMENTS = "Growing-Traveler/Growing-Traveler.entitlements";
				CODE_SIGN_STYLE = Automatic;
				CURRENT_PROJECT_VERSION = 1;
				DEVELOPMENT_TEAM = C4JD5546YM;
				GENERATE_INFOPLIST_FILE = YES;
				INFOPLIST_FILE = "Growing-Traveler/Info.plist";
				INFOPLIST_KEY_UIApplicationSupportsIndirectInputEvents = YES;
				INFOPLIST_KEY_UILaunchStoryboardName = LaunchScreen;
				INFOPLIST_KEY_UIMainStoryboardFile = Main;
				INFOPLIST_KEY_UISupportedInterfaceOrientations_iPad = "UIInterfaceOrientationPortrait UIInterfaceOrientationPortraitUpsideDown UIInterfaceOrientationLandscapeLeft UIInterfaceOrientationLandscapeRight";
				INFOPLIST_KEY_UISupportedInterfaceOrientations_iPhone = "UIInterfaceOrientationPortrait UIInterfaceOrientationLandscapeLeft UIInterfaceOrientationLandscapeRight";
				INFOPLIST_KEY_UIUserInterfaceStyle = Light;
				IPHONEOS_DEPLOYMENT_TARGET = 15.4;
				LD_RUNPATH_SEARCH_PATHS = (
					"$(inherited)",
					"@executable_path/Frameworks",
				);
				MARKETING_VERSION = 1.0;
				PRODUCT_BUNDLE_IDENTIFIER = "com.jenny.Growing-Traveler";
				PRODUCT_NAME = "$(TARGET_NAME)";
				SWIFT_EMIT_LOC_STRINGS = YES;
				SWIFT_VERSION = 5.0;
				TARGETED_DEVICE_FAMILY = "1,2";
			};
			name = Debug;
		};
		28CE2D5127FECBF500ACA813 /* Release */ = {
			isa = XCBuildConfiguration;
			baseConfigurationReference = 59D1AA67F7C7E82E240245D2 /* Pods-Growing-Traveler.release.xcconfig */;
			buildSettings = {
				ASSETCATALOG_COMPILER_APPICON_NAME = AppIcon;
				ASSETCATALOG_COMPILER_GLOBAL_ACCENT_COLOR_NAME = AccentColor;
				CODE_SIGN_ENTITLEMENTS = "Growing-Traveler/Growing-Traveler.entitlements";
				CODE_SIGN_STYLE = Automatic;
				CURRENT_PROJECT_VERSION = 1;
				DEVELOPMENT_TEAM = C4JD5546YM;
				GENERATE_INFOPLIST_FILE = YES;
				INFOPLIST_FILE = "Growing-Traveler/Info.plist";
				INFOPLIST_KEY_UIApplicationSupportsIndirectInputEvents = YES;
				INFOPLIST_KEY_UILaunchStoryboardName = LaunchScreen;
				INFOPLIST_KEY_UIMainStoryboardFile = Main;
				INFOPLIST_KEY_UISupportedInterfaceOrientations_iPad = "UIInterfaceOrientationPortrait UIInterfaceOrientationPortraitUpsideDown UIInterfaceOrientationLandscapeLeft UIInterfaceOrientationLandscapeRight";
				INFOPLIST_KEY_UISupportedInterfaceOrientations_iPhone = "UIInterfaceOrientationPortrait UIInterfaceOrientationLandscapeLeft UIInterfaceOrientationLandscapeRight";
				INFOPLIST_KEY_UIUserInterfaceStyle = Light;
				IPHONEOS_DEPLOYMENT_TARGET = 15.4;
				LD_RUNPATH_SEARCH_PATHS = (
					"$(inherited)",
					"@executable_path/Frameworks",
				);
				MARKETING_VERSION = 1.0;
				PRODUCT_BUNDLE_IDENTIFIER = "com.jenny.Growing-Traveler";
				PRODUCT_NAME = "$(TARGET_NAME)";
				SWIFT_EMIT_LOC_STRINGS = YES;
				SWIFT_VERSION = 5.0;
				TARGETED_DEVICE_FAMILY = "1,2";
			};
			name = Release;
		};
/* End XCBuildConfiguration section */

/* Begin XCConfigurationList section */
		28CE2D3627FECBF400ACA813 /* Build configuration list for PBXProject "Growing-Traveler" */ = {
			isa = XCConfigurationList;
			buildConfigurations = (
				28CE2D4D27FECBF500ACA813 /* Debug */,
				28CE2D4E27FECBF500ACA813 /* Release */,
			);
			defaultConfigurationIsVisible = 0;
			defaultConfigurationName = Release;
		};
		28CE2D4F27FECBF500ACA813 /* Build configuration list for PBXNativeTarget "Growing-Traveler" */ = {
			isa = XCConfigurationList;
			buildConfigurations = (
				28CE2D5027FECBF500ACA813 /* Debug */,
				28CE2D5127FECBF500ACA813 /* Release */,
			);
			defaultConfigurationIsVisible = 0;
			defaultConfigurationName = Release;
		};
/* End XCConfigurationList section */
	};
	rootObject = 28CE2D3327FECBF400ACA813 /* Project object */;
}
