PODS:
  - FSCalendar (2.8.2)
  - SwiftLint (0.47.0)

DEPENDENCIES:
  - FSCalendar
  - SwiftLint

SPEC REPOS:
  trunk:
    - FSCalendar
    - SwiftLint

SPEC CHECKSUMS:
  FSCalendar: e6a2eb9c571bf0719ed797ef807e08426753c241
  SwiftLint: d41cc46a2ae58ac6d9f26954bc89f1d72e71fdef

PODFILE CHECKSUM: a4b7741beed9669bf0deef4a9c748cbc3d06e0eb

COCOAPODS: 1.11.2
